PODS:
  - AFNetworking (3.1.0):
    - AFNetworking/NSURLSession (= 3.1.0)
    - AFNetworking/Reachability (= 3.1.0)
    - AFNetworking/Security (= 3.1.0)
    - AFNetworking/Serialization (= 3.1.0)
    - AFNetworking/UIKit (= 3.1.0)
  - AFNetworking/NSURLSession (3.1.0):
    - AFNetworking/Reachability
    - AFNetworking/Security
    - AFNetworking/Serialization
  - AFNetworking/Reachability (3.1.0)
  - AFNetworking/Security (3.1.0)
  - AFNetworking/Serialization (3.1.0)
  - AFNetworking/UIKit (3.1.0):
    - AFNetworking/NSURLSession
  - ASIHTTPRequest (1.8.2):
    - ASIHTTPRequest/ASIWebPageRequest (= 1.8.2)
    - ASIHTTPRequest/CloudFiles (= 1.8.2)
    - ASIHTTPRequest/Core (= 1.8.2)
    - ASIHTTPRequest/S3 (= 1.8.2)
  - ASIHTTPRequest/ASIWebPageRequest (1.8.2):
    - ASIHTTPRequest/Core
  - ASIHTTPRequest/CloudFiles (1.8.2):
    - ASIHTTPRequest/Core
  - ASIHTTPRequest/Core (1.8.2):
    - Reachability
  - ASIHTTPRequest/S3 (1.8.2):
    - ASIHTTPRequest/Core
  - FMDB (2.6.2):
    - FMDB/standard (= 2.6.2)
  - FMDB/standard (2.6.2)
  - Masonry (1.0.2)
  - MBProgressHUD (1.0.0)
  - MJExtension (3.0.13)
  - MJRefresh (3.1.12)
  - MOBFoundation (2.0.11)
  - pop (1.0.9)
  - Reachability (3.2)
  - SDAutoLayout (2.1.7)
  - SDWebImage (3.8.2):
    - SDWebImage/Core (= 3.8.2)
  - SDWebImage/Core (3.8.2)
  - ShareSDK3 (3.4.2):
    - ShareSDK3/ShareSDK (= 3.4.2)
  - ShareSDK3/ShareSDK (3.4.2)
  - ShareSDK3/ShareSDKPlatforms/QQ (3.4.2)
  - ShareSDK3/ShareSDKPlatforms/SinaWeibo (3.4.2)
  - ShareSDK3/ShareSDKPlatforms/WeChat (3.4.2)
  - ShareSDK3/ShareSDKUI (3.4.2)
  - YYCache (1.0.4)
  - YYImage (1.0.4):
    - YYImage/Core (= 1.0.4)
  - YYImage/Core (1.0.4)
  - YYWebImage (1.0.5):
    - YYCache
    - YYImage

DEPENDENCIES:
  - AFNetworking
  - ASIHTTPRequest (~> 1.8.2)
  - FMDB
  - Masonry
  - MBProgressHUD
  - MJExtension (~> 3.0.13)
  - MJRefresh
  - MOBFoundation
  - pop
  - SDAutoLayout (~> 2.1.7)
  - SDWebImage (~> 3.8.2)
  - ShareSDK3
  - ShareSDK3/ShareSDKPlatforms/QQ
  - ShareSDK3/ShareSDKPlatforms/SinaWeibo
  - ShareSDK3/ShareSDKPlatforms/WeChat
  - ShareSDK3/ShareSDKUI
  - YYWebImage

SPEC CHECKSUMS:
  AFNetworking: 5e0e199f73d8626b11e79750991f5d173d1f8b67
  ASIHTTPRequest: ec013992946676b7978dcbde6396d57312d21db4
  FMDB: 854a0341b4726e53276f2a8996f06f1b80f9259a
  Masonry: 7c429b56da9d4ee0bbb3ed77a5ea710d6a5df39e
  MBProgressHUD: 4890f671c94e8a0f3cf959aa731e9de2f036d71a
  MJExtension: 5932755f451458eefa24239358817f8d291240c7
  MJRefresh: b96cdb21c4aa75a7b07654311ab2f315c497e806
  MOBFoundation: e213065e65eebd8146ab29d10a8445dc8f385091
  pop: f667631a5108a2e60d9e8797c9b32ddaf2080bce
  Reachability: 33e18b67625424e47b6cde6d202dce689ad7af96
  SDAutoLayout: e9b36d04b8c0b504762a04d76fbbe5108944297a
  SDWebImage: 098e97e6176540799c27e804c96653ee0833d13c
  ShareSDK3: 2fa975dd22937fc7de3f6b5d0c41a18ba0dd1661
  YYCache: 8105b6638f5e849296c71f331ff83891a4942952
  YYImage: 1e1b62a9997399593e4b9c4ecfbbabbf1d3f3b54
  YYWebImage: 5f7f36aee2ae293f016d418c7d6ba05c4863e928

PODFILE CHECKSUM: cd74886616ed2acd643305650c25e63291f4018f
PODFILE CHECKSUM: 56ecc037415832ba2af0e945eee814ab8c5b76e4

COCOAPODS: 1.1.0.beta.2
