// !$*UTF8*$!
{
	archiveVersion = 1;
	classes = {
	};
	objectVersion = 46;
	objects = {

/* Begin PBXBuildFile section */
		3A978D371D9A18B000058210 /* HomeHeaderView.m in Sources */ = {isa = PBXBuildFile; fileRef = 3A978D361D9A18B000058210 /* HomeHeaderView.m */; };
		3A978D3A1D9A291900058210 /* GRAllCategoryModel.m in Sources */ = {isa = PBXBuildFile; fileRef = 3A978D391D9A291900058210 /* GRAllCategoryModel.m */; };
		9A00B9811D87FB1A00184254 /* NSString+Extension.m in Sources */ = {isa = PBXBuildFile; fileRef = 9A00B96E1D87FB1A00184254 /* NSString+Extension.m */; };
		9A00B9821D87FB1A00184254 /* UIBarButtonItem+Extension.m in Sources */ = {isa = PBXBuildFile; fileRef = 9A00B9701D87FB1A00184254 /* UIBarButtonItem+Extension.m */; };
		9A00B9831D87FB1A00184254 /* UIButton+Extension.m in Sources */ = {isa = PBXBuildFile; fileRef = 9A00B9721D87FB1A00184254 /* UIButton+Extension.m */; };
		9A00B9851D87FB1A00184254 /* UIImage+Common.m in Sources */ = {isa = PBXBuildFile; fileRef = 9A00B9761D87FB1A00184254 /* UIImage+Common.m */; };
		9A00B9861D87FB1A00184254 /* UILabel+Extension.m in Sources */ = {isa = PBXBuildFile; fileRef = 9A00B9781D87FB1A00184254 /* UILabel+Extension.m */; };
		9A00B9871D87FB1A00184254 /* UITableView+Extension.m in Sources */ = {isa = PBXBuildFile; fileRef = 9A00B97A1D87FB1A00184254 /* UITableView+Extension.m */; };
		9A00B9881D87FB1A00184254 /* UITextField+Extension.m in Sources */ = {isa = PBXBuildFile; fileRef = 9A00B97C1D87FB1A00184254 /* UITextField+Extension.m */; };
		9A00B9891D87FB1A00184254 /* UIView+Frame.m in Sources */ = {isa = PBXBuildFile; fileRef = 9A00B97E1D87FB1A00184254 /* UIView+Frame.m */; };
		9A00B98E1D87FB7200184254 /* UIColor+expanded.m in Sources */ = {isa = PBXBuildFile; fileRef = 9A00B98D1D87FB7200184254 /* UIColor+expanded.m */; };
		9A56BFE81D9A235B00047A5F /* FGNetworking.m in Sources */ = {isa = PBXBuildFile; fileRef = 9A56BFE71D9A235B00047A5F /* FGNetworking.m */; };
		9A56BFEE1D9A508300047A5F /* Hud.m in Sources */ = {isa = PBXBuildFile; fileRef = 9A56BFED1D9A508300047A5F /* Hud.m */; };
		9A56BFF11D9A512E00047A5F /* UserDefault.m in Sources */ = {isa = PBXBuildFile; fileRef = 9A56BFF01D9A512E00047A5F /* UserDefault.m */; };
		9A8B91C81D9A570200B57AA1 /* GRTweetModel.m in Sources */ = {isa = PBXBuildFile; fileRef = 9A8B91C71D9A570200B57AA1 /* GRTweetModel.m */; };
		A611A32D1D99212B004384AE /* GRLoginViewController.m in Sources */ = {isa = PBXBuildFile; fileRef = A611A32C1D99212B004384AE /* GRLoginViewController.m */; };
		A637F42B1D9A6B9E00C41A8A /* GRAccountModel.m in Sources */ = {isa = PBXBuildFile; fileRef = A637F42A1D9A6B9E00C41A8A /* GRAccountModel.m */; };
		A637F42E1D9A6BDA00C41A8A /* Api.m in Sources */ = {isa = PBXBuildFile; fileRef = A637F42D1D9A6BDA00C41A8A /* Api.m */; };
		A6A37D741D879BAB003CEAD5 /* main.m in Sources */ = {isa = PBXBuildFile; fileRef = A6A37D731D879BAB003CEAD5 /* main.m */; };
		A6A37D771D879BAB003CEAD5 /* AppDelegate.m in Sources */ = {isa = PBXBuildFile; fileRef = A6A37D761D879BAB003CEAD5 /* AppDelegate.m */; };
		A6A37D7D1D879BAB003CEAD5 /* Main.storyboard in Resources */ = {isa = PBXBuildFile; fileRef = A6A37D7B1D879BAB003CEAD5 /* Main.storyboard */; };
		A6A37D7F1D879BAB003CEAD5 /* Assets.xcassets in Resources */ = {isa = PBXBuildFile; fileRef = A6A37D7E1D879BAB003CEAD5 /* Assets.xcassets */; };
		A6A37D821D879BAB003CEAD5 /* LaunchScreen.storyboard in Resources */ = {isa = PBXBuildFile; fileRef = A6A37D801D879BAB003CEAD5 /* LaunchScreen.storyboard */; };
		A6A37D8D1D879BAB003CEAD5 /* GREnglishTests.m in Sources */ = {isa = PBXBuildFile; fileRef = A6A37D8C1D879BAB003CEAD5 /* GREnglishTests.m */; };
		A6A37D981D879BAB003CEAD5 /* GREnglishUITests.m in Sources */ = {isa = PBXBuildFile; fileRef = A6A37D971D879BAB003CEAD5 /* GREnglishUITests.m */; };
		A6A37E571D87F8E2003CEAD5 /* GRGrammarViewController.m in Sources */ = {isa = PBXBuildFile; fileRef = A6A37E2E1D87F8E2003CEAD5 /* GRGrammarViewController.m */; };
		A6A37E581D87F8E2003CEAD5 /* GRHomeViewController.m in Sources */ = {isa = PBXBuildFile; fileRef = A6A37E341D87F8E2003CEAD5 /* GRHomeViewController.m */; };
		A6A37E591D87F8E2003CEAD5 /* GRNavigationController.m in Sources */ = {isa = PBXBuildFile; fileRef = A6A37E3A1D87F8E2003CEAD5 /* GRNavigationController.m */; };
		A6A37E5A1D87F8E2003CEAD5 /* GRTabBarViewController.m in Sources */ = {isa = PBXBuildFile; fileRef = A6A37E3C1D87F8E2003CEAD5 /* GRTabBarViewController.m */; };
		A6A37E5B1D87F8E2003CEAD5 /* GRTabBar.m in Sources */ = {isa = PBXBuildFile; fileRef = A6A37E401D87F8E2003CEAD5 /* GRTabBar.m */; };
		A6A37E5C1D87F8E2003CEAD5 /* GRProfileViewController.m in Sources */ = {isa = PBXBuildFile; fileRef = A6A37E441D87F8E2003CEAD5 /* GRProfileViewController.m */; };
		A6A37E5D1D87F8E2003CEAD5 /* GRPublishViewController.m in Sources */ = {isa = PBXBuildFile; fileRef = A6A37E4A1D87F8E2003CEAD5 /* GRPublishViewController.m */; };
		A6A37E5E1D87F8E2003CEAD5 /* GRTweetsViewController.m in Sources */ = {isa = PBXBuildFile; fileRef = A6A37E501D87F8E2003CEAD5 /* GRTweetsViewController.m */; };
		A6A37E5F1D87F8E2003CEAD5 /* note.markdown in Sources */ = {isa = PBXBuildFile; fileRef = A6A37E541D87F8E2003CEAD5 /* note.markdown */; };
		D5582C0FEE1584325CE0C3C2 /* Pods_GREnglish.framework in Frameworks */ = {isa = PBXBuildFile; fileRef = 7CE328CC0C92963C592C3869 /* Pods_GREnglish.framework */; };
/* End PBXBuildFile section */

/* Begin PBXContainerItemProxy section */
		A6A37D891D879BAB003CEAD5 /* PBXContainerItemProxy */ = {
			isa = PBXContainerItemProxy;
			containerPortal = A6A37D671D879BAB003CEAD5 /* Project object */;
			proxyType = 1;
			remoteGlobalIDString = A6A37D6E1D879BAB003CEAD5;
			remoteInfo = GREnglish;
		};
		A6A37D941D879BAB003CEAD5 /* PBXContainerItemProxy */ = {
			isa = PBXContainerItemProxy;
			containerPortal = A6A37D671D879BAB003CEAD5 /* Project object */;
			proxyType = 1;
			remoteGlobalIDString = A6A37D6E1D879BAB003CEAD5;
			remoteInfo = GREnglish;
		};
/* End PBXContainerItemProxy section */

/* Begin PBXFileReference section */
		3A978D351D9A18B000058210 /* HomeHeaderView.h */ = {isa = PBXFileReference; fileEncoding = 4; lastKnownFileType = sourcecode.c.h; path = HomeHeaderView.h; sourceTree = "<group>"; };
		3A978D361D9A18B000058210 /* HomeHeaderView.m */ = {isa = PBXFileReference; fileEncoding = 4; lastKnownFileType = sourcecode.c.objc; path = HomeHeaderView.m; sourceTree = "<group>"; };
		3A978D381D9A291900058210 /* GRAllCategoryModel.h */ = {isa = PBXFileReference; fileEncoding = 4; lastKnownFileType = sourcecode.c.h; path = GRAllCategoryModel.h; sourceTree = "<group>"; };
		3A978D391D9A291900058210 /* GRAllCategoryModel.m */ = {isa = PBXFileReference; fileEncoding = 4; lastKnownFileType = sourcecode.c.objc; path = GRAllCategoryModel.m; sourceTree = "<group>"; };
		3A978D3B1D9A589B00058210 /* GRUrl.h */ = {isa = PBXFileReference; fileEncoding = 4; lastKnownFileType = sourcecode.c.h; path = GRUrl.h; sourceTree = "<group>"; };
		66DEEA0867E34D58BEE7EE4B /* Pods-GREnglish.release.xcconfig */ = {isa = PBXFileReference; includeInIndex = 1; lastKnownFileType = text.xcconfig; name = "Pods-GREnglish.release.xcconfig"; path = "Pods/Target Support Files/Pods-GREnglish/Pods-GREnglish.release.xcconfig"; sourceTree = "<group>"; };
		7CE328CC0C92963C592C3869 /* Pods_GREnglish.framework */ = {isa = PBXFileReference; explicitFileType = wrapper.framework; includeInIndex = 0; path = Pods_GREnglish.framework; sourceTree = BUILT_PRODUCTS_DIR; };
		9A00B96D1D87FB1A00184254 /* NSString+Extension.h */ = {isa = PBXFileReference; fileEncoding = 4; lastKnownFileType = sourcecode.c.h; path = "NSString+Extension.h"; sourceTree = "<group>"; };
		9A00B96E1D87FB1A00184254 /* NSString+Extension.m */ = {isa = PBXFileReference; fileEncoding = 4; lastKnownFileType = sourcecode.c.objc; path = "NSString+Extension.m"; sourceTree = "<group>"; };
		9A00B96F1D87FB1A00184254 /* UIBarButtonItem+Extension.h */ = {isa = PBXFileReference; fileEncoding = 4; lastKnownFileType = sourcecode.c.h; path = "UIBarButtonItem+Extension.h"; sourceTree = "<group>"; };
		9A00B9701D87FB1A00184254 /* UIBarButtonItem+Extension.m */ = {isa = PBXFileReference; fileEncoding = 4; lastKnownFileType = sourcecode.c.objc; path = "UIBarButtonItem+Extension.m"; sourceTree = "<group>"; };
		9A00B9711D87FB1A00184254 /* UIButton+Extension.h */ = {isa = PBXFileReference; fileEncoding = 4; lastKnownFileType = sourcecode.c.h; path = "UIButton+Extension.h"; sourceTree = "<group>"; };
		9A00B9721D87FB1A00184254 /* UIButton+Extension.m */ = {isa = PBXFileReference; fileEncoding = 4; lastKnownFileType = sourcecode.c.objc; path = "UIButton+Extension.m"; sourceTree = "<group>"; };
		9A00B9751D87FB1A00184254 /* UIImage+Common.h */ = {isa = PBXFileReference; fileEncoding = 4; lastKnownFileType = sourcecode.c.h; path = "UIImage+Common.h"; sourceTree = "<group>"; };
		9A00B9761D87FB1A00184254 /* UIImage+Common.m */ = {isa = PBXFileReference; fileEncoding = 4; lastKnownFileType = sourcecode.c.objc; path = "UIImage+Common.m"; sourceTree = "<group>"; };
		9A00B9771D87FB1A00184254 /* UILabel+Extension.h */ = {isa = PBXFileReference; fileEncoding = 4; lastKnownFileType = sourcecode.c.h; path = "UILabel+Extension.h"; sourceTree = "<group>"; };
		9A00B9781D87FB1A00184254 /* UILabel+Extension.m */ = {isa = PBXFileReference; fileEncoding = 4; lastKnownFileType = sourcecode.c.objc; path = "UILabel+Extension.m"; sourceTree = "<group>"; };
		9A00B9791D87FB1A00184254 /* UITableView+Extension.h */ = {isa = PBXFileReference; fileEncoding = 4; lastKnownFileType = sourcecode.c.h; path = "UITableView+Extension.h"; sourceTree = "<group>"; };
		9A00B97A1D87FB1A00184254 /* UITableView+Extension.m */ = {isa = PBXFileReference; fileEncoding = 4; lastKnownFileType = sourcecode.c.objc; path = "UITableView+Extension.m"; sourceTree = "<group>"; };
		9A00B97B1D87FB1A00184254 /* UITextField+Extension.h */ = {isa = PBXFileReference; fileEncoding = 4; lastKnownFileType = sourcecode.c.h; path = "UITextField+Extension.h"; sourceTree = "<group>"; };
		9A00B97C1D87FB1A00184254 /* UITextField+Extension.m */ = {isa = PBXFileReference; fileEncoding = 4; lastKnownFileType = sourcecode.c.objc; path = "UITextField+Extension.m"; sourceTree = "<group>"; };
		9A00B97D1D87FB1A00184254 /* UIView+Frame.h */ = {isa = PBXFileReference; fileEncoding = 4; lastKnownFileType = sourcecode.c.h; path = "UIView+Frame.h"; sourceTree = "<group>"; };
		9A00B97E1D87FB1A00184254 /* UIView+Frame.m */ = {isa = PBXFileReference; fileEncoding = 4; lastKnownFileType = sourcecode.c.objc; path = "UIView+Frame.m"; sourceTree = "<group>"; };
		9A00B98B1D87FB4800184254 /* Header.h */ = {isa = PBXFileReference; lastKnownFileType = sourcecode.c.h; path = Header.h; sourceTree = "<group>"; };
		9A00B98C1D87FB7200184254 /* UIColor+expanded.h */ = {isa = PBXFileReference; fileEncoding = 4; lastKnownFileType = sourcecode.c.h; path = "UIColor+expanded.h"; sourceTree = "<group>"; };
		9A00B98D1D87FB7200184254 /* UIColor+expanded.m */ = {isa = PBXFileReference; fileEncoding = 4; lastKnownFileType = sourcecode.c.objc; path = "UIColor+expanded.m"; sourceTree = "<group>"; };
		9A00B98F1D87FC1E00184254 /* Header.h */ = {isa = PBXFileReference; lastKnownFileType = sourcecode.c.h; path = Header.h; sourceTree = "<group>"; };
		9A56BFE61D9A235B00047A5F /* FGNetworking.h */ = {isa = PBXFileReference; fileEncoding = 4; lastKnownFileType = sourcecode.c.h; path = FGNetworking.h; sourceTree = "<group>"; };
		9A56BFE71D9A235B00047A5F /* FGNetworking.m */ = {isa = PBXFileReference; fileEncoding = 4; lastKnownFileType = sourcecode.c.objc; path = FGNetworking.m; sourceTree = "<group>"; };
		9A56BFEC1D9A508300047A5F /* Hud.h */ = {isa = PBXFileReference; fileEncoding = 4; lastKnownFileType = sourcecode.c.h; path = Hud.h; sourceTree = "<group>"; };
		9A56BFED1D9A508300047A5F /* Hud.m */ = {isa = PBXFileReference; fileEncoding = 4; lastKnownFileType = sourcecode.c.objc; path = Hud.m; sourceTree = "<group>"; };
		9A56BFEF1D9A512E00047A5F /* userDefault.h */ = {isa = PBXFileReference; fileEncoding = 4; lastKnownFileType = sourcecode.c.h; path = userDefault.h; sourceTree = "<group>"; };
		9A56BFF01D9A512E00047A5F /* UserDefault.m */ = {isa = PBXFileReference; fileEncoding = 4; lastKnownFileType = sourcecode.c.objc; path = UserDefault.m; sourceTree = "<group>"; };
		9A8B91C61D9A570200B57AA1 /* GRTweetModel.h */ = {isa = PBXFileReference; fileEncoding = 4; lastKnownFileType = sourcecode.c.h; path = GRTweetModel.h; sourceTree = "<group>"; };
		9A8B91C71D9A570200B57AA1 /* GRTweetModel.m */ = {isa = PBXFileReference; fileEncoding = 4; lastKnownFileType = sourcecode.c.objc; path = GRTweetModel.m; sourceTree = "<group>"; };
		A611A32B1D99212B004384AE /* GRLoginViewController.h */ = {isa = PBXFileReference; fileEncoding = 4; lastKnownFileType = sourcecode.c.h; path = GRLoginViewController.h; sourceTree = "<group>"; };
		A611A32C1D99212B004384AE /* GRLoginViewController.m */ = {isa = PBXFileReference; fileEncoding = 4; lastKnownFileType = sourcecode.c.objc; path = GRLoginViewController.m; sourceTree = "<group>"; };
		A637F4291D9A6B9E00C41A8A /* GRAccountModel.h */ = {isa = PBXFileReference; fileEncoding = 4; lastKnownFileType = sourcecode.c.h; name = GRAccountModel.h; path = GREnglish/Application/Module/Profile/Controller/GRAccountModel.h; sourceTree = SOURCE_ROOT; };
		A637F42A1D9A6B9E00C41A8A /* GRAccountModel.m */ = {isa = PBXFileReference; fileEncoding = 4; lastKnownFileType = sourcecode.c.objc; name = GRAccountModel.m; path = GREnglish/Application/Module/Profile/Controller/GRAccountModel.m; sourceTree = SOURCE_ROOT; };
		A637F42C1D9A6BDA00C41A8A /* Api.h */ = {isa = PBXFileReference; fileEncoding = 4; lastKnownFileType = sourcecode.c.h; path = Api.h; sourceTree = "<group>"; };
		A637F42D1D9A6BDA00C41A8A /* Api.m */ = {isa = PBXFileReference; fileEncoding = 4; lastKnownFileType = sourcecode.c.objc; path = Api.m; sourceTree = "<group>"; };
		A6A37D6F1D879BAB003CEAD5 /* GREnglish.app */ = {isa = PBXFileReference; explicitFileType = wrapper.application; includeInIndex = 0; path = GREnglish.app; sourceTree = BUILT_PRODUCTS_DIR; };
		A6A37D731D879BAB003CEAD5 /* main.m */ = {isa = PBXFileReference; lastKnownFileType = sourcecode.c.objc; path = main.m; sourceTree = "<group>"; };
		A6A37D751D879BAB003CEAD5 /* AppDelegate.h */ = {isa = PBXFileReference; lastKnownFileType = sourcecode.c.h; path = AppDelegate.h; sourceTree = "<group>"; };
		A6A37D761D879BAB003CEAD5 /* AppDelegate.m */ = {isa = PBXFileReference; lastKnownFileType = sourcecode.c.objc; path = AppDelegate.m; sourceTree = "<group>"; };
		A6A37D7C1D879BAB003CEAD5 /* Base */ = {isa = PBXFileReference; lastKnownFileType = file.storyboard; name = Base; path = Base.lproj/Main.storyboard; sourceTree = "<group>"; };
		A6A37D7E1D879BAB003CEAD5 /* Assets.xcassets */ = {isa = PBXFileReference; lastKnownFileType = folder.assetcatalog; path = Assets.xcassets; sourceTree = "<group>"; };
		A6A37D811D879BAB003CEAD5 /* Base */ = {isa = PBXFileReference; lastKnownFileType = file.storyboard; name = Base; path = Base.lproj/LaunchScreen.storyboard; sourceTree = "<group>"; };
		A6A37D831D879BAB003CEAD5 /* Info.plist */ = {isa = PBXFileReference; lastKnownFileType = text.plist.xml; path = Info.plist; sourceTree = "<group>"; };
		A6A37D881D879BAB003CEAD5 /* GREnglishTests.xctest */ = {isa = PBXFileReference; explicitFileType = wrapper.cfbundle; includeInIndex = 0; path = GREnglishTests.xctest; sourceTree = BUILT_PRODUCTS_DIR; };
		A6A37D8C1D879BAB003CEAD5 /* GREnglishTests.m */ = {isa = PBXFileReference; lastKnownFileType = sourcecode.c.objc; path = GREnglishTests.m; sourceTree = "<group>"; };
		A6A37D8E1D879BAB003CEAD5 /* Info.plist */ = {isa = PBXFileReference; lastKnownFileType = text.plist.xml; path = Info.plist; sourceTree = "<group>"; };
		A6A37D931D879BAB003CEAD5 /* GREnglishUITests.xctest */ = {isa = PBXFileReference; explicitFileType = wrapper.cfbundle; includeInIndex = 0; path = GREnglishUITests.xctest; sourceTree = BUILT_PRODUCTS_DIR; };
		A6A37D971D879BAB003CEAD5 /* GREnglishUITests.m */ = {isa = PBXFileReference; lastKnownFileType = sourcecode.c.objc; path = GREnglishUITests.m; sourceTree = "<group>"; };
		A6A37D991D879BAB003CEAD5 /* Info.plist */ = {isa = PBXFileReference; lastKnownFileType = text.plist.xml; path = Info.plist; sourceTree = "<group>"; };
		A6A37DDE1D87DE95003CEAD5 /* Config.h */ = {isa = PBXFileReference; lastKnownFileType = sourcecode.c.h; path = Config.h; sourceTree = "<group>"; };
		A6A37DDF1D87DF69003CEAD5 /* GREnglishPrefixHeader.pch */ = {isa = PBXFileReference; lastKnownFileType = sourcecode.c.h; path = GREnglishPrefixHeader.pch; sourceTree = "<group>"; };
		A6A37E2D1D87F8E2003CEAD5 /* GRGrammarViewController.h */ = {isa = PBXFileReference; fileEncoding = 4; lastKnownFileType = sourcecode.c.h; path = GRGrammarViewController.h; sourceTree = "<group>"; };
		A6A37E2E1D87F8E2003CEAD5 /* GRGrammarViewController.m */ = {isa = PBXFileReference; fileEncoding = 4; lastKnownFileType = sourcecode.c.objc; path = GRGrammarViewController.m; sourceTree = "<group>"; };
		A6A37E331D87F8E2003CEAD5 /* GRHomeViewController.h */ = {isa = PBXFileReference; fileEncoding = 4; lastKnownFileType = sourcecode.c.h; path = GRHomeViewController.h; sourceTree = "<group>"; };
		A6A37E341D87F8E2003CEAD5 /* GRHomeViewController.m */ = {isa = PBXFileReference; fileEncoding = 4; lastKnownFileType = sourcecode.c.objc; path = GRHomeViewController.m; sourceTree = "<group>"; };
		A6A37E391D87F8E2003CEAD5 /* GRNavigationController.h */ = {isa = PBXFileReference; fileEncoding = 4; lastKnownFileType = sourcecode.c.h; path = GRNavigationController.h; sourceTree = "<group>"; };
		A6A37E3A1D87F8E2003CEAD5 /* GRNavigationController.m */ = {isa = PBXFileReference; fileEncoding = 4; lastKnownFileType = sourcecode.c.objc; path = GRNavigationController.m; sourceTree = "<group>"; };
		A6A37E3B1D87F8E2003CEAD5 /* GRTabBarViewController.h */ = {isa = PBXFileReference; fileEncoding = 4; lastKnownFileType = sourcecode.c.h; path = GRTabBarViewController.h; sourceTree = "<group>"; };
		A6A37E3C1D87F8E2003CEAD5 /* GRTabBarViewController.m */ = {isa = PBXFileReference; fileEncoding = 4; lastKnownFileType = sourcecode.c.objc; path = GRTabBarViewController.m; sourceTree = "<group>"; };
		A6A37E3F1D87F8E2003CEAD5 /* GRTabBar.h */ = {isa = PBXFileReference; fileEncoding = 4; lastKnownFileType = sourcecode.c.h; path = GRTabBar.h; sourceTree = "<group>"; };
		A6A37E401D87F8E2003CEAD5 /* GRTabBar.m */ = {isa = PBXFileReference; fileEncoding = 4; lastKnownFileType = sourcecode.c.objc; path = GRTabBar.m; sourceTree = "<group>"; };
		A6A37E431D87F8E2003CEAD5 /* GRProfileViewController.h */ = {isa = PBXFileReference; fileEncoding = 4; lastKnownFileType = sourcecode.c.h; path = GRProfileViewController.h; sourceTree = "<group>"; };
		A6A37E441D87F8E2003CEAD5 /* GRProfileViewController.m */ = {isa = PBXFileReference; fileEncoding = 4; lastKnownFileType = sourcecode.c.objc; path = GRProfileViewController.m; sourceTree = "<group>"; };
		A6A37E491D87F8E2003CEAD5 /* GRPublishViewController.h */ = {isa = PBXFileReference; fileEncoding = 4; lastKnownFileType = sourcecode.c.h; path = GRPublishViewController.h; sourceTree = "<group>"; };
		A6A37E4A1D87F8E2003CEAD5 /* GRPublishViewController.m */ = {isa = PBXFileReference; fileEncoding = 4; lastKnownFileType = sourcecode.c.objc; path = GRPublishViewController.m; sourceTree = "<group>"; };
		A6A37E4F1D87F8E2003CEAD5 /* GRTweetsViewController.h */ = {isa = PBXFileReference; fileEncoding = 4; lastKnownFileType = sourcecode.c.h; path = GRTweetsViewController.h; sourceTree = "<group>"; };
		A6A37E501D87F8E2003CEAD5 /* GRTweetsViewController.m */ = {isa = PBXFileReference; fileEncoding = 4; lastKnownFileType = sourcecode.c.objc; path = GRTweetsViewController.m; sourceTree = "<group>"; };
		A6A37E541D87F8E2003CEAD5 /* note.markdown */ = {isa = PBXFileReference; fileEncoding = 4; lastKnownFileType = net.daringfireball.markdown; path = note.markdown; sourceTree = "<group>"; };
		D8AFF454EF23EFA05AB27714 /* Pods-GREnglish.debug.xcconfig */ = {isa = PBXFileReference; includeInIndex = 1; lastKnownFileType = text.xcconfig; name = "Pods-GREnglish.debug.xcconfig"; path = "Pods/Target Support Files/Pods-GREnglish/Pods-GREnglish.debug.xcconfig"; sourceTree = "<group>"; };
/* End PBXFileReference section */

/* Begin PBXFrameworksBuildPhase section */
		A6A37D6C1D879BAB003CEAD5 /* Frameworks */ = {
			isa = PBXFrameworksBuildPhase;
			buildActionMask = 2147483647;
			files = (
				D5582C0FEE1584325CE0C3C2 /* Pods_GREnglish.framework in Frameworks */,
			);
			runOnlyForDeploymentPostprocessing = 0;
		};
		A6A37D851D879BAB003CEAD5 /* Frameworks */ = {
			isa = PBXFrameworksBuildPhase;
			buildActionMask = 2147483647;
			files = (
			);
			runOnlyForDeploymentPostprocessing = 0;
		};
		A6A37D901D879BAB003CEAD5 /* Frameworks */ = {
			isa = PBXFrameworksBuildPhase;
			buildActionMask = 2147483647;
			files = (
			);
			runOnlyForDeploymentPostprocessing = 0;
		};
/* End PBXFrameworksBuildPhase section */

/* Begin PBXGroup section */
		2C3BCCB363E018B7C7163C15 /* Pods */ = {
			isa = PBXGroup;
			children = (
				D8AFF454EF23EFA05AB27714 /* Pods-GREnglish.debug.xcconfig */,
				66DEEA0867E34D58BEE7EE4B /* Pods-GREnglish.release.xcconfig */,
			);
			name = Pods;
			sourceTree = "<group>";
		};
		3A978D331D9A0CC600058210 /* Model */ = {
			isa = PBXGroup;
			children = (
				3A978D381D9A291900058210 /* GRAllCategoryModel.h */,
				3A978D391D9A291900058210 /* GRAllCategoryModel.m */,
			);
			path = Model;
			sourceTree = "<group>";
		};
		3A978D341D9A0CD800058210 /* Views */ = {
			isa = PBXGroup;
			children = (
				3A978D351D9A18B000058210 /* HomeHeaderView.h */,
				3A978D361D9A18B000058210 /* HomeHeaderView.m */,
			);
			path = Views;
			sourceTree = "<group>";
		};
		9A00B95D1D87FAA700184254 /* Utils */ = {
			isa = PBXGroup;
			children = (
				9A56BFE21D9A21F000047A5F /* NetworkManager */,
				9A00B9601D87FAF700184254 /* Tools */,
			);
			path = Utils;
			sourceTree = "<group>";
		};
		9A00B95E1D87FAA700184254 /* Vendor */ = {
			isa = PBXGroup;
			children = (
				9A00B98B1D87FB4800184254 /* Header.h */,
			);
			name = Vendor;
			path = ../GREnglish/Application/Vendor;
			sourceTree = "<group>";
		};
		9A00B95F1D87FAAE00184254 /* Categories */ = {
			isa = PBXGroup;
			children = (
				9A00B98C1D87FB7200184254 /* UIColor+expanded.h */,
				9A00B98D1D87FB7200184254 /* UIColor+expanded.m */,
				9A00B96D1D87FB1A00184254 /* NSString+Extension.h */,
				9A00B96E1D87FB1A00184254 /* NSString+Extension.m */,
				9A00B96F1D87FB1A00184254 /* UIBarButtonItem+Extension.h */,
				9A00B9701D87FB1A00184254 /* UIBarButtonItem+Extension.m */,
				9A00B9711D87FB1A00184254 /* UIButton+Extension.h */,
				9A00B9721D87FB1A00184254 /* UIButton+Extension.m */,
				9A00B9751D87FB1A00184254 /* UIImage+Common.h */,
				9A00B9761D87FB1A00184254 /* UIImage+Common.m */,
				9A00B9771D87FB1A00184254 /* UILabel+Extension.h */,
				9A00B9781D87FB1A00184254 /* UILabel+Extension.m */,
				9A00B9791D87FB1A00184254 /* UITableView+Extension.h */,
				9A00B97A1D87FB1A00184254 /* UITableView+Extension.m */,
				9A00B97B1D87FB1A00184254 /* UITextField+Extension.h */,
				9A00B97C1D87FB1A00184254 /* UITextField+Extension.m */,
				9A00B97D1D87FB1A00184254 /* UIView+Frame.h */,
				9A00B97E1D87FB1A00184254 /* UIView+Frame.m */,
			);
			path = Categories;
			sourceTree = "<group>";
		};
		9A00B9601D87FAF700184254 /* Tools */ = {
			isa = PBXGroup;
			children = (
				3A978D3B1D9A589B00058210 /* GRUrl.h */,
				9A56BFEF1D9A512E00047A5F /* userDefault.h */,
				9A56BFF01D9A512E00047A5F /* UserDefault.m */,

				9A56BFEC1D9A508300047A5F /* Hud.h */,
				9A56BFED1D9A508300047A5F /* Hud.m */,
				9A56BFEF1D9A512E00047A5F /* userDefault.h */,
				9A56BFF01D9A512E00047A5F /* UserDefault.m */,
				9A00B98F1D87FC1E00184254 /* Header.h */,
			);
			path = Tools;
			sourceTree = "<group>";
		};
		9A56BFE21D9A21F000047A5F /* NetworkManager */ = {
			isa = PBXGroup;
			children = (
				9A56BFE61D9A235B00047A5F /* FGNetworking.h */,
				9A56BFE71D9A235B00047A5F /* FGNetworking.m */,
			);
			name = NetworkManager;
			path = Tools/NetworkManager;
			sourceTree = "<group>";
		};
		9A8B91C41D9A56F500B57AA1 /* model */ = {
			isa = PBXGroup;
			children = (
				9A8B91C61D9A570200B57AA1 /* GRTweetModel.h */,
				9A8B91C71D9A570200B57AA1 /* GRTweetModel.m */,
			);
			path = model;
			sourceTree = "<group>";
		};
		9A8B91C51D9A56F500B57AA1 /* View */ = {
			isa = PBXGroup;
			children = (
			);
			path = View;
			sourceTree = "<group>";
		};
		A6A37D661D879BAB003CEAD5 = {
			isa = PBXGroup;
			children = (
				A6A37D711D879BAB003CEAD5 /* GREnglish */,
				A6A37D8B1D879BAB003CEAD5 /* GREnglishTests */,
				A6A37D961D879BAB003CEAD5 /* GREnglishUITests */,
				A6A37D701D879BAB003CEAD5 /* Products */,
				2C3BCCB363E018B7C7163C15 /* Pods */,
				E96B0A84681AA0AC63946FB2 /* Frameworks */,
			);
			sourceTree = "<group>";
		};
		A6A37D701D879BAB003CEAD5 /* Products */ = {
			isa = PBXGroup;
			children = (
				A6A37D6F1D879BAB003CEAD5 /* GREnglish.app */,
				A6A37D881D879BAB003CEAD5 /* GREnglishTests.xctest */,
				A6A37D931D879BAB003CEAD5 /* GREnglishUITests.xctest */,
			);
			name = Products;
			sourceTree = "<group>";
		};
		A6A37D711D879BAB003CEAD5 /* GREnglish */ = {
			isa = PBXGroup;
			children = (
				A6A37D751D879BAB003CEAD5 /* AppDelegate.h */,
				A6A37D761D879BAB003CEAD5 /* AppDelegate.m */,
				A6A37DDE1D87DE95003CEAD5 /* Config.h */,
				A6A37DDF1D87DF69003CEAD5 /* GREnglishPrefixHeader.pch */,
				A637F42C1D9A6BDA00C41A8A /* Api.h */,
				A637F42D1D9A6BDA00C41A8A /* Api.m */,
				A6A37DEF1D87F789003CEAD5 /* Application */,
				A6A37D831D879BAB003CEAD5 /* Info.plist */,
				A6A37D7B1D879BAB003CEAD5 /* Main.storyboard */,
				A6A37D7E1D879BAB003CEAD5 /* Assets.xcassets */,
				A6A37D801D879BAB003CEAD5 /* LaunchScreen.storyboard */,
				A6A37D721D879BAB003CEAD5 /* Supporting Files */,
			);
			path = GREnglish;
			sourceTree = "<group>";
		};
		A6A37D721D879BAB003CEAD5 /* Supporting Files */ = {
			isa = PBXGroup;
			children = (
				A6A37D731D879BAB003CEAD5 /* main.m */,
			);
			name = "Supporting Files";
			sourceTree = "<group>";
		};
		A6A37D8B1D879BAB003CEAD5 /* GREnglishTests */ = {
			isa = PBXGroup;
			children = (
				A6A37D8C1D879BAB003CEAD5 /* GREnglishTests.m */,
				A6A37D8E1D879BAB003CEAD5 /* Info.plist */,
			);
			path = GREnglishTests;
			sourceTree = "<group>";
		};
		A6A37D961D879BAB003CEAD5 /* GREnglishUITests */ = {
			isa = PBXGroup;
			children = (
				A6A37D971D879BAB003CEAD5 /* GREnglishUITests.m */,
				9A00B95E1D87FAA700184254 /* Vendor */,
				A6A37D991D879BAB003CEAD5 /* Info.plist */,
			);
			path = GREnglishUITests;
			sourceTree = "<group>";
		};
		A6A37DEF1D87F789003CEAD5 /* Application */ = {
			isa = PBXGroup;
			children = (
				A6A37E2A1D87F8E1003CEAD5 /* Module */,
				9A00B95F1D87FAAE00184254 /* Categories */,
				9A00B95D1D87FAA700184254 /* Utils */,
				A6A37E531D87F8E2003CEAD5 /* Node */,
			);
			path = Application;
			sourceTree = "<group>";
		};
		A6A37E2A1D87F8E1003CEAD5 /* Module */ = {
			isa = PBXGroup;
			children = (
				A6A37E371D87F8E2003CEAD5 /* Main */,
				A6A37E311D87F8E2003CEAD5 /* Home */,
				A6A37E2B1D87F8E1003CEAD5 /* Grammar */,
				A6A37E411D87F8E2003CEAD5 /* Profile */,
				A6A37E471D87F8E2003CEAD5 /* Publish */,
				A6A37E4D1D87F8E2003CEAD5 /* Tweets */,
			);
			path = Module;
			sourceTree = "<group>";
		};
		A6A37E2B1D87F8E1003CEAD5 /* Grammar */ = {
			isa = PBXGroup;
			children = (
				A6A37E2C1D87F8E1003CEAD5 /* Controller */,
				A6A37E2F1D87F8E2003CEAD5 /* Model */,
				A6A37E301D87F8E2003CEAD5 /* Views */,
			);
			path = Grammar;
			sourceTree = "<group>";
		};
		A6A37E2C1D87F8E1003CEAD5 /* Controller */ = {
			isa = PBXGroup;
			children = (
				A6A37E2D1D87F8E2003CEAD5 /* GRGrammarViewController.h */,
				A6A37E2E1D87F8E2003CEAD5 /* GRGrammarViewController.m */,
			);
			path = Controller;
			sourceTree = "<group>";
		};
		A6A37E2F1D87F8E2003CEAD5 /* Model */ = {
			isa = PBXGroup;
			children = (
			);
			path = Model;
			sourceTree = "<group>";
		};
		A6A37E301D87F8E2003CEAD5 /* Views */ = {
			isa = PBXGroup;
			children = (
			);
			path = Views;
			sourceTree = "<group>";
		};
		A6A37E311D87F8E2003CEAD5 /* Home */ = {
			isa = PBXGroup;
			children = (
				3A978D331D9A0CC600058210 /* Model */,
				A6A37E321D87F8E2003CEAD5 /* Controller */,
				3A978D341D9A0CD800058210 /* Views */,
			);
			path = Home;
			sourceTree = "<group>";
		};
		A6A37E321D87F8E2003CEAD5 /* Controller */ = {
			isa = PBXGroup;
			children = (
				A6A37E331D87F8E2003CEAD5 /* GRHomeViewController.h */,
				A6A37E341D87F8E2003CEAD5 /* GRHomeViewController.m */,
			);
			path = Controller;
			sourceTree = "<group>";
		};
		A6A37E371D87F8E2003CEAD5 /* Main */ = {
			isa = PBXGroup;
			children = (
				A6A37E381D87F8E2003CEAD5 /* Controller */,
				A6A37E3D1D87F8E2003CEAD5 /* Model */,
				A6A37E3E1D87F8E2003CEAD5 /* Views */,
			);
			path = Main;
			sourceTree = "<group>";
		};
		A6A37E381D87F8E2003CEAD5 /* Controller */ = {
			isa = PBXGroup;
			children = (
				A6A37E3B1D87F8E2003CEAD5 /* GRTabBarViewController.h */,
				A6A37E3C1D87F8E2003CEAD5 /* GRTabBarViewController.m */,
				A6A37E391D87F8E2003CEAD5 /* GRNavigationController.h */,
				A6A37E3A1D87F8E2003CEAD5 /* GRNavigationController.m */,
			);
			path = Controller;
			sourceTree = "<group>";
		};
		A6A37E3D1D87F8E2003CEAD5 /* Model */ = {
			isa = PBXGroup;
			children = (
			);
			path = Model;
			sourceTree = "<group>";
		};
		A6A37E3E1D87F8E2003CEAD5 /* Views */ = {
			isa = PBXGroup;
			children = (
				A6A37E3F1D87F8E2003CEAD5 /* GRTabBar.h */,
				A6A37E401D87F8E2003CEAD5 /* GRTabBar.m */,
			);
			path = Views;
			sourceTree = "<group>";
		};
		A6A37E411D87F8E2003CEAD5 /* Profile */ = {
			isa = PBXGroup;
			children = (
				A6A37E421D87F8E2003CEAD5 /* Controller */,
				A6A37E451D87F8E2003CEAD5 /* Model */,
				A6A37E461D87F8E2003CEAD5 /* Views */,
			);
			path = Profile;
			sourceTree = "<group>";
		};
		A6A37E421D87F8E2003CEAD5 /* Controller */ = {
			isa = PBXGroup;
			children = (
				A6A37E431D87F8E2003CEAD5 /* GRProfileViewController.h */,
				A6A37E441D87F8E2003CEAD5 /* GRProfileViewController.m */,
				A611A32B1D99212B004384AE /* GRLoginViewController.h */,
				A611A32C1D99212B004384AE /* GRLoginViewController.m */,
			);
			path = Controller;
			sourceTree = "<group>";
		};
		A6A37E451D87F8E2003CEAD5 /* Model */ = {
			isa = PBXGroup;
			children = (
				A637F4291D9A6B9E00C41A8A /* GRAccountModel.h */,
				A637F42A1D9A6B9E00C41A8A /* GRAccountModel.m */,
			);
			path = Model;
			sourceTree = "<group>";
		};
		A6A37E461D87F8E2003CEAD5 /* Views */ = {
			isa = PBXGroup;
			children = (
			);
			path = Views;
			sourceTree = "<group>";
		};
		A6A37E471D87F8E2003CEAD5 /* Publish */ = {
			isa = PBXGroup;
			children = (
				A6A37E481D87F8E2003CEAD5 /* Controller */,
				A6A37E4B1D87F8E2003CEAD5 /* Model */,
				A6A37E4C1D87F8E2003CEAD5 /* Views */,
			);
			path = Publish;
			sourceTree = "<group>";
		};
		A6A37E481D87F8E2003CEAD5 /* Controller */ = {
			isa = PBXGroup;
			children = (
				A6A37E491D87F8E2003CEAD5 /* GRPublishViewController.h */,
				A6A37E4A1D87F8E2003CEAD5 /* GRPublishViewController.m */,
			);
			path = Controller;
			sourceTree = "<group>";
		};
		A6A37E4B1D87F8E2003CEAD5 /* Model */ = {
			isa = PBXGroup;
			children = (
			);
			path = Model;
			sourceTree = "<group>";
		};
		A6A37E4C1D87F8E2003CEAD5 /* Views */ = {
			isa = PBXGroup;
			children = (
			);
			path = Views;
			sourceTree = "<group>";
		};
		A6A37E4D1D87F8E2003CEAD5 /* Tweets */ = {
			isa = PBXGroup;
			children = (
				9A8B91C41D9A56F500B57AA1 /* model */,
				9A8B91C51D9A56F500B57AA1 /* View */,
				A6A37E4E1D87F8E2003CEAD5 /* Controller */,
			);
			path = Tweets;
			sourceTree = "<group>";
		};
		A6A37E4E1D87F8E2003CEAD5 /* Controller */ = {
			isa = PBXGroup;
			children = (
				A6A37E4F1D87F8E2003CEAD5 /* GRTweetsViewController.h */,
				A6A37E501D87F8E2003CEAD5 /* GRTweetsViewController.m */,
			);
			path = Controller;
			sourceTree = "<group>";
		};
		A6A37E531D87F8E2003CEAD5 /* Node */ = {
			isa = PBXGroup;
			children = (
				A6A37E541D87F8E2003CEAD5 /* note.markdown */,
			);
			path = Node;
			sourceTree = "<group>";
		};
		E96B0A84681AA0AC63946FB2 /* Frameworks */ = {
			isa = PBXGroup;
			children = (
				7CE328CC0C92963C592C3869 /* Pods_GREnglish.framework */,
			);
			name = Frameworks;
			sourceTree = "<group>";
		};
/* End PBXGroup section */

/* Begin PBXNativeTarget section */
		A6A37D6E1D879BAB003CEAD5 /* GREnglish */ = {
			isa = PBXNativeTarget;
			buildConfigurationList = A6A37D9C1D879BAB003CEAD5 /* Build configuration list for PBXNativeTarget "GREnglish" */;
			buildPhases = (
				B5F2F3DF6751CEBF8736D37F /* [CP] Check Pods Manifest.lock */,
				A6A37D6B1D879BAB003CEAD5 /* Sources */,
				A6A37D6C1D879BAB003CEAD5 /* Frameworks */,
				A6A37D6D1D879BAB003CEAD5 /* Resources */,
				48C32C9F21F8BABED1EB6A79 /* [CP] Embed Pods Frameworks */,
				0854122ECD4BE1309EECC33F /* [CP] Copy Pods Resources */,
			);
			buildRules = (
			);
			dependencies = (
			);
			name = GREnglish;
			productName = GREnglish;
			productReference = A6A37D6F1D879BAB003CEAD5 /* GREnglish.app */;
			productType = "com.apple.product-type.application";
		};
		A6A37D871D879BAB003CEAD5 /* GREnglishTests */ = {
			isa = PBXNativeTarget;
			buildConfigurationList = A6A37D9F1D879BAB003CEAD5 /* Build configuration list for PBXNativeTarget "GREnglishTests" */;
			buildPhases = (
				A6A37D841D879BAB003CEAD5 /* Sources */,
				A6A37D851D879BAB003CEAD5 /* Frameworks */,
				A6A37D861D879BAB003CEAD5 /* Resources */,
			);
			buildRules = (
			);
			dependencies = (
				A6A37D8A1D879BAB003CEAD5 /* PBXTargetDependency */,
			);
			name = GREnglishTests;
			productName = GREnglishTests;
			productReference = A6A37D881D879BAB003CEAD5 /* GREnglishTests.xctest */;
			productType = "com.apple.product-type.bundle.unit-test";
		};
		A6A37D921D879BAB003CEAD5 /* GREnglishUITests */ = {
			isa = PBXNativeTarget;
			buildConfigurationList = A6A37DA21D879BAB003CEAD5 /* Build configuration list for PBXNativeTarget "GREnglishUITests" */;
			buildPhases = (
				A6A37D8F1D879BAB003CEAD5 /* Sources */,
				A6A37D901D879BAB003CEAD5 /* Frameworks */,
				A6A37D911D879BAB003CEAD5 /* Resources */,
			);
			buildRules = (
			);
			dependencies = (
				A6A37D951D879BAB003CEAD5 /* PBXTargetDependency */,
			);
			name = GREnglishUITests;
			productName = GREnglishUITests;
			productReference = A6A37D931D879BAB003CEAD5 /* GREnglishUITests.xctest */;
			productType = "com.apple.product-type.bundle.ui-testing";
		};
/* End PBXNativeTarget section */

/* Begin PBXProject section */
		A6A37D671D879BAB003CEAD5 /* Project object */ = {
			isa = PBXProject;
			attributes = {
				CLASSPREFIX = GR;
				LastUpgradeCheck = 0730;
				ORGANIZATIONNAME = sen;
				TargetAttributes = {
					A6A37D6E1D879BAB003CEAD5 = {
						CreatedOnToolsVersion = 7.3.1;
						DevelopmentTeam = 3ZG7RQH8M7;
					};
					A6A37D871D879BAB003CEAD5 = {
						CreatedOnToolsVersion = 7.3.1;
						TestTargetID = A6A37D6E1D879BAB003CEAD5;
					};
					A6A37D921D879BAB003CEAD5 = {
						CreatedOnToolsVersion = 7.3.1;
						TestTargetID = A6A37D6E1D879BAB003CEAD5;
					};
				};
			};
			buildConfigurationList = A6A37D6A1D879BAB003CEAD5 /* Build configuration list for PBXProject "GREnglish" */;
			compatibilityVersion = "Xcode 3.2";
			developmentRegion = English;
			hasScannedForEncodings = 0;
			knownRegions = (
				en,
				Base,
			);
			mainGroup = A6A37D661D879BAB003CEAD5;
			productRefGroup = A6A37D701D879BAB003CEAD5 /* Products */;
			projectDirPath = "";
			projectRoot = "";
			targets = (
				A6A37D6E1D879BAB003CEAD5 /* GREnglish */,
				A6A37D871D879BAB003CEAD5 /* GREnglishTests */,
				A6A37D921D879BAB003CEAD5 /* GREnglishUITests */,
			);
		};
/* End PBXProject section */

/* Begin PBXResourcesBuildPhase section */
		A6A37D6D1D879BAB003CEAD5 /* Resources */ = {
			isa = PBXResourcesBuildPhase;
			buildActionMask = 2147483647;
			files = (
				A6A37D821D879BAB003CEAD5 /* LaunchScreen.storyboard in Resources */,
				A6A37D7F1D879BAB003CEAD5 /* Assets.xcassets in Resources */,
				A6A37D7D1D879BAB003CEAD5 /* Main.storyboard in Resources */,
			);
			runOnlyForDeploymentPostprocessing = 0;
		};
		A6A37D861D879BAB003CEAD5 /* Resources */ = {
			isa = PBXResourcesBuildPhase;
			buildActionMask = 2147483647;
			files = (
			);
			runOnlyForDeploymentPostprocessing = 0;
		};
		A6A37D911D879BAB003CEAD5 /* Resources */ = {
			isa = PBXResourcesBuildPhase;
			buildActionMask = 2147483647;
			files = (
			);
			runOnlyForDeploymentPostprocessing = 0;
		};
/* End PBXResourcesBuildPhase section */

/* Begin PBXShellScriptBuildPhase section */
		0854122ECD4BE1309EECC33F /* [CP] Copy Pods Resources */ = {
			isa = PBXShellScriptBuildPhase;
			buildActionMask = 2147483647;
			files = (
			);
			inputPaths = (
			);
			name = "[CP] Copy Pods Resources";
			outputPaths = (
			);
			runOnlyForDeploymentPostprocessing = 0;
			shellPath = /bin/sh;
			shellScript = "\"${SRCROOT}/Pods/Target Support Files/Pods-GREnglish/Pods-GREnglish-resources.sh\"\n";
			showEnvVarsInLog = 0;
		};
		48C32C9F21F8BABED1EB6A79 /* [CP] Embed Pods Frameworks */ = {
			isa = PBXShellScriptBuildPhase;
			buildActionMask = 2147483647;
			files = (
			);
			inputPaths = (
			);
			name = "[CP] Embed Pods Frameworks";
			outputPaths = (
			);
			runOnlyForDeploymentPostprocessing = 0;
			shellPath = /bin/sh;
			shellScript = "\"${SRCROOT}/Pods/Target Support Files/Pods-GREnglish/Pods-GREnglish-frameworks.sh\"\n";
			showEnvVarsInLog = 0;
		};
		B5F2F3DF6751CEBF8736D37F /* [CP] Check Pods Manifest.lock */ = {
			isa = PBXShellScriptBuildPhase;
			buildActionMask = 2147483647;
			files = (
			);
			inputPaths = (
			);
			name = "[CP] Check Pods Manifest.lock";
			outputPaths = (
			);
			runOnlyForDeploymentPostprocessing = 0;
			shellPath = /bin/sh;
			shellScript = "diff \"${PODS_ROOT}/../Podfile.lock\" \"${PODS_ROOT}/Manifest.lock\" > /dev/null\nif [[ $? != 0 ]] ; then\n    cat << EOM\nerror: The sandbox is not in sync with the Podfile.lock. Run 'pod install' or update your CocoaPods installation.\nEOM\n    exit 1\nfi\n";
			showEnvVarsInLog = 0;
		};
/* End PBXShellScriptBuildPhase section */

/* Begin PBXSourcesBuildPhase section */
		A6A37D6B1D879BAB003CEAD5 /* Sources */ = {
			isa = PBXSourcesBuildPhase;
			buildActionMask = 2147483647;
			files = (
				A611A32D1D99212B004384AE /* GRLoginViewController.m in Sources */,
				9A00B9831D87FB1A00184254 /* UIButton+Extension.m in Sources */,
				A6A37E5D1D87F8E2003CEAD5 /* GRPublishViewController.m in Sources */,
				A6A37D771D879BAB003CEAD5 /* AppDelegate.m in Sources */,
				A6A37E591D87F8E2003CEAD5 /* GRNavigationController.m in Sources */,
				9A00B9861D87FB1A00184254 /* UILabel+Extension.m in Sources */,
				A6A37E5E1D87F8E2003CEAD5 /* GRTweetsViewController.m in Sources */,
				A6A37E571D87F8E2003CEAD5 /* GRGrammarViewController.m in Sources */,
				9A56BFEE1D9A508300047A5F /* Hud.m in Sources */,
				A6A37E581D87F8E2003CEAD5 /* GRHomeViewController.m in Sources */,
				9A00B98E1D87FB7200184254 /* UIColor+expanded.m in Sources */,
				A6A37E5F1D87F8E2003CEAD5 /* note.markdown in Sources */,
				9A56BFF11D9A512E00047A5F /* UserDefault.m in Sources */,
				9A8B91C81D9A570200B57AA1 /* GRTweetModel.m in Sources */,
				9A00B9891D87FB1A00184254 /* UIView+Frame.m in Sources */,
				A6A37E5B1D87F8E2003CEAD5 /* GRTabBar.m in Sources */,
				9A00B9821D87FB1A00184254 /* UIBarButtonItem+Extension.m in Sources */,
				9A56BFE81D9A235B00047A5F /* FGNetworking.m in Sources */,
				A6A37E5C1D87F8E2003CEAD5 /* GRProfileViewController.m in Sources */,

				3A978D3A1D9A291900058210 /* GRAllCategoryModel.m in Sources */,

				A637F42E1D9A6BDA00C41A8A /* Api.m in Sources */,

				9A00B9871D87FB1A00184254 /* UITableView+Extension.m in Sources */,
				A637F42B1D9A6B9E00C41A8A /* GRAccountModel.m in Sources */,
				A6A37D741D879BAB003CEAD5 /* main.m in Sources */,
				A6A37E5A1D87F8E2003CEAD5 /* GRTabBarViewController.m in Sources */,
				3A978D371D9A18B000058210 /* HomeHeaderView.m in Sources */,
				9A00B9851D87FB1A00184254 /* UIImage+Common.m in Sources */,
				9A00B9811D87FB1A00184254 /* NSString+Extension.m in Sources */,
				9A00B9881D87FB1A00184254 /* UITextField+Extension.m in Sources */,
			);
			runOnlyForDeploymentPostprocessing = 0;
		};
		A6A37D841D879BAB003CEAD5 /* Sources */ = {
			isa = PBXSourcesBuildPhase;
			buildActionMask = 2147483647;
			files = (
				A6A37D8D1D879BAB003CEAD5 /* GREnglishTests.m in Sources */,
			);
			runOnlyForDeploymentPostprocessing = 0;
		};
		A6A37D8F1D879BAB003CEAD5 /* Sources */ = {
			isa = PBXSourcesBuildPhase;
			buildActionMask = 2147483647;
			files = (
				A6A37D981D879BAB003CEAD5 /* GREnglishUITests.m in Sources */,
			);
			runOnlyForDeploymentPostprocessing = 0;
		};
/* End PBXSourcesBuildPhase section */

/* Begin PBXTargetDependency section */
		A6A37D8A1D879BAB003CEAD5 /* PBXTargetDependency */ = {
			isa = PBXTargetDependency;
			target = A6A37D6E1D879BAB003CEAD5 /* GREnglish */;
			targetProxy = A6A37D891D879BAB003CEAD5 /* PBXContainerItemProxy */;
		};
		A6A37D951D879BAB003CEAD5 /* PBXTargetDependency */ = {
			isa = PBXTargetDependency;
			target = A6A37D6E1D879BAB003CEAD5 /* GREnglish */;
			targetProxy = A6A37D941D879BAB003CEAD5 /* PBXContainerItemProxy */;
		};
/* End PBXTargetDependency section */

/* Begin PBXVariantGroup section */
		A6A37D7B1D879BAB003CEAD5 /* Main.storyboard */ = {
			isa = PBXVariantGroup;
			children = (
				A6A37D7C1D879BAB003CEAD5 /* Base */,
			);
			name = Main.storyboard;
			sourceTree = "<group>";
		};
		A6A37D801D879BAB003CEAD5 /* LaunchScreen.storyboard */ = {
			isa = PBXVariantGroup;
			children = (
				A6A37D811D879BAB003CEAD5 /* Base */,
			);
			name = LaunchScreen.storyboard;
			sourceTree = "<group>";
		};
/* End PBXVariantGroup section */

/* Begin XCBuildConfiguration section */
		A6A37D9A1D879BAB003CEAD5 /* Debug */ = {
			isa = XCBuildConfiguration;
			buildSettings = {
				ALWAYS_SEARCH_USER_PATHS = NO;
				CLANG_ANALYZER_NONNULL = YES;
				CLANG_CXX_LANGUAGE_STANDARD = "gnu++0x";
				CLANG_CXX_LIBRARY = "libc++";
				CLANG_ENABLE_MODULES = YES;
				CLANG_ENABLE_OBJC_ARC = YES;
				CLANG_WARN_BOOL_CONVERSION = YES;
				CLANG_WARN_CONSTANT_CONVERSION = YES;
				CLANG_WARN_DIRECT_OBJC_ISA_USAGE = YES_ERROR;
				CLANG_WARN_EMPTY_BODY = YES;
				CLANG_WARN_ENUM_CONVERSION = YES;
				CLANG_WARN_INT_CONVERSION = YES;
				CLANG_WARN_OBJC_ROOT_CLASS = YES_ERROR;
				CLANG_WARN_UNREACHABLE_CODE = YES;
				CLANG_WARN__DUPLICATE_METHOD_MATCH = YES;
				"CODE_SIGN_IDENTITY[sdk=iphoneos*]" = "iPhone Developer";
				COPY_PHASE_STRIP = NO;
				DEBUG_INFORMATION_FORMAT = dwarf;
				ENABLE_STRICT_OBJC_MSGSEND = YES;
				ENABLE_TESTABILITY = YES;
				GCC_C_LANGUAGE_STANDARD = gnu99;
				GCC_DYNAMIC_NO_PIC = NO;
				GCC_NO_COMMON_BLOCKS = YES;
				GCC_OPTIMIZATION_LEVEL = 0;
				GCC_PREPROCESSOR_DEFINITIONS = (
					"DEBUG=1",
					"$(inherited)",
				);
				GCC_WARN_64_TO_32_BIT_CONVERSION = YES;
				GCC_WARN_ABOUT_RETURN_TYPE = YES_ERROR;
				GCC_WARN_UNDECLARED_SELECTOR = YES;
				GCC_WARN_UNINITIALIZED_AUTOS = YES_AGGRESSIVE;
				GCC_WARN_UNUSED_FUNCTION = YES;
				GCC_WARN_UNUSED_VARIABLE = YES;
				IPHONEOS_DEPLOYMENT_TARGET = 9.3;
				MTL_ENABLE_DEBUG_INFO = YES;
				ONLY_ACTIVE_ARCH = YES;
				SDKROOT = iphoneos;
				TARGETED_DEVICE_FAMILY = "1,2";
			};
			name = Debug;
		};
		A6A37D9B1D879BAB003CEAD5 /* Release */ = {
			isa = XCBuildConfiguration;
			buildSettings = {
				ALWAYS_SEARCH_USER_PATHS = NO;
				CLANG_ANALYZER_NONNULL = YES;
				CLANG_CXX_LANGUAGE_STANDARD = "gnu++0x";
				CLANG_CXX_LIBRARY = "libc++";
				CLANG_ENABLE_MODULES = YES;
				CLANG_ENABLE_OBJC_ARC = YES;
				CLANG_WARN_BOOL_CONVERSION = YES;
				CLANG_WARN_CONSTANT_CONVERSION = YES;
				CLANG_WARN_DIRECT_OBJC_ISA_USAGE = YES_ERROR;
				CLANG_WARN_EMPTY_BODY = YES;
				CLANG_WARN_ENUM_CONVERSION = YES;
				CLANG_WARN_INT_CONVERSION = YES;
				CLANG_WARN_OBJC_ROOT_CLASS = YES_ERROR;
				CLANG_WARN_UNREACHABLE_CODE = YES;
				CLANG_WARN__DUPLICATE_METHOD_MATCH = YES;
				"CODE_SIGN_IDENTITY[sdk=iphoneos*]" = "iPhone Developer";
				COPY_PHASE_STRIP = NO;
				DEBUG_INFORMATION_FORMAT = "dwarf-with-dsym";
				ENABLE_NS_ASSERTIONS = NO;
				ENABLE_STRICT_OBJC_MSGSEND = YES;
				GCC_C_LANGUAGE_STANDARD = gnu99;
				GCC_NO_COMMON_BLOCKS = YES;
				GCC_WARN_64_TO_32_BIT_CONVERSION = YES;
				GCC_WARN_ABOUT_RETURN_TYPE = YES_ERROR;
				GCC_WARN_UNDECLARED_SELECTOR = YES;
				GCC_WARN_UNINITIALIZED_AUTOS = YES_AGGRESSIVE;
				GCC_WARN_UNUSED_FUNCTION = YES;
				GCC_WARN_UNUSED_VARIABLE = YES;
				IPHONEOS_DEPLOYMENT_TARGET = 9.3;
				MTL_ENABLE_DEBUG_INFO = NO;
				SDKROOT = iphoneos;
				TARGETED_DEVICE_FAMILY = "1,2";
				VALIDATE_PRODUCT = YES;
			};
			name = Release;
		};
		A6A37D9D1D879BAB003CEAD5 /* Debug */ = {
			isa = XCBuildConfiguration;
			baseConfigurationReference = D8AFF454EF23EFA05AB27714 /* Pods-GREnglish.debug.xcconfig */;
			buildSettings = {
				ASSETCATALOG_COMPILER_APPICON_NAME = AppIcon;
				DEVELOPMENT_TEAM = 3ZG7RQH8M7;
				GCC_PREFIX_HEADER = "$(SRCROOT)/GREnglish/GREnglishPrefixHeader.pch";
				INFOPLIST_FILE = GREnglish/Info.plist;
				IPHONEOS_DEPLOYMENT_TARGET = 9.0;
				LD_RUNPATH_SEARCH_PATHS = "$(inherited) @executable_path/Frameworks";
				PRODUCT_BUNDLE_IDENTIFIER = sen.GREnglish;
				PRODUCT_NAME = "$(TARGET_NAME)";
			};
			name = Debug;
		};
		A6A37D9E1D879BAB003CEAD5 /* Release */ = {
			isa = XCBuildConfiguration;
			baseConfigurationReference = 66DEEA0867E34D58BEE7EE4B /* Pods-GREnglish.release.xcconfig */;
			buildSettings = {
				ASSETCATALOG_COMPILER_APPICON_NAME = AppIcon;
				DEVELOPMENT_TEAM = 3ZG7RQH8M7;
				GCC_PREFIX_HEADER = "$(SRCROOT)/GREnglish/GREnglishPrefixHeader.pch";
				INFOPLIST_FILE = GREnglish/Info.plist;
				IPHONEOS_DEPLOYMENT_TARGET = 9.0;
				LD_RUNPATH_SEARCH_PATHS = "$(inherited) @executable_path/Frameworks";
				PRODUCT_BUNDLE_IDENTIFIER = sen.GREnglish;
				PRODUCT_NAME = "$(TARGET_NAME)";
			};
			name = Release;
		};
		A6A37DA01D879BAB003CEAD5 /* Debug */ = {
			isa = XCBuildConfiguration;
			buildSettings = {
				BUNDLE_LOADER = "$(TEST_HOST)";
				INFOPLIST_FILE = GREnglishTests/Info.plist;
				LD_RUNPATH_SEARCH_PATHS = "$(inherited) @executable_path/Frameworks @loader_path/Frameworks";
				PRODUCT_BUNDLE_IDENTIFIER = sen.GREnglishTests;
				PRODUCT_NAME = "$(TARGET_NAME)";
				TEST_HOST = "$(BUILT_PRODUCTS_DIR)/GREnglish.app/GREnglish";
			};
			name = Debug;
		};
		A6A37DA11D879BAB003CEAD5 /* Release */ = {
			isa = XCBuildConfiguration;
			buildSettings = {
				BUNDLE_LOADER = "$(TEST_HOST)";
				INFOPLIST_FILE = GREnglishTests/Info.plist;
				LD_RUNPATH_SEARCH_PATHS = "$(inherited) @executable_path/Frameworks @loader_path/Frameworks";
				PRODUCT_BUNDLE_IDENTIFIER = sen.GREnglishTests;
				PRODUCT_NAME = "$(TARGET_NAME)";
				TEST_HOST = "$(BUILT_PRODUCTS_DIR)/GREnglish.app/GREnglish";
			};
			name = Release;
		};
		A6A37DA31D879BAB003CEAD5 /* Debug */ = {
			isa = XCBuildConfiguration;
			buildSettings = {
				INFOPLIST_FILE = GREnglishUITests/Info.plist;
				LD_RUNPATH_SEARCH_PATHS = "$(inherited) @executable_path/Frameworks @loader_path/Frameworks";
				PRODUCT_BUNDLE_IDENTIFIER = sen.GREnglishUITests;
				PRODUCT_NAME = "$(TARGET_NAME)";
				TEST_TARGET_NAME = GREnglish;
			};
			name = Debug;
		};
		A6A37DA41D879BAB003CEAD5 /* Release */ = {
			isa = XCBuildConfiguration;
			buildSettings = {
				INFOPLIST_FILE = GREnglishUITests/Info.plist;
				LD_RUNPATH_SEARCH_PATHS = "$(inherited) @executable_path/Frameworks @loader_path/Frameworks";
				PRODUCT_BUNDLE_IDENTIFIER = sen.GREnglishUITests;
				PRODUCT_NAME = "$(TARGET_NAME)";
				TEST_TARGET_NAME = GREnglish;
			};
			name = Release;
		};
/* End XCBuildConfiguration section */

/* Begin XCConfigurationList section */
		A6A37D6A1D879BAB003CEAD5 /* Build configuration list for PBXProject "GREnglish" */ = {
			isa = XCConfigurationList;
			buildConfigurations = (
				A6A37D9A1D879BAB003CEAD5 /* Debug */,
				A6A37D9B1D879BAB003CEAD5 /* Release */,
			);
			defaultConfigurationIsVisible = 0;
			defaultConfigurationName = Release;
		};
		A6A37D9C1D879BAB003CEAD5 /* Build configuration list for PBXNativeTarget "GREnglish" */ = {
			isa = XCConfigurationList;
			buildConfigurations = (
				A6A37D9D1D879BAB003CEAD5 /* Debug */,
				A6A37D9E1D879BAB003CEAD5 /* Release */,
			);
			defaultConfigurationIsVisible = 0;
			defaultConfigurationName = Release;
		};
		A6A37D9F1D879BAB003CEAD5 /* Build configuration list for PBXNativeTarget "GREnglishTests" */ = {
			isa = XCConfigurationList;
			buildConfigurations = (
				A6A37DA01D879BAB003CEAD5 /* Debug */,
				A6A37DA11D879BAB003CEAD5 /* Release */,
			);
			defaultConfigurationIsVisible = 0;
			defaultConfigurationName = Release;
		};
		A6A37DA21D879BAB003CEAD5 /* Build configuration list for PBXNativeTarget "GREnglishUITests" */ = {
			isa = XCConfigurationList;
			buildConfigurations = (
				A6A37DA31D879BAB003CEAD5 /* Debug */,
				A6A37DA41D879BAB003CEAD5 /* Release */,
			);
			defaultConfigurationIsVisible = 0;
			defaultConfigurationName = Release;
		};
/* End XCConfigurationList section */
	};
	rootObject = A6A37D671D879BAB003CEAD5 /* Project object */;
}
