// !$*UTF8*$!
{
	archiveVersion = 1;
	classes = {
	};
	objectVersion = 46;
	objects = {

/* Begin PBXBuildFile section */
		A6A37D741D879BAB003CEAD5 /* main.m in Sources */ = {isa = PBXBuildFile; fileRef = A6A37D731D879BAB003CEAD5 /* main.m */; };
		A6A37D771D879BAB003CEAD5 /* AppDelegate.m in Sources */ = {isa = PBXBuildFile; fileRef = A6A37D761D879BAB003CEAD5 /* AppDelegate.m */; };
		A6A37D7D1D879BAB003CEAD5 /* Main.storyboard in Resources */ = {isa = PBXBuildFile; fileRef = A6A37D7B1D879BAB003CEAD5 /* Main.storyboard */; };
		A6A37D7F1D879BAB003CEAD5 /* Assets.xcassets in Resources */ = {isa = PBXBuildFile; fileRef = A6A37D7E1D879BAB003CEAD5 /* Assets.xcassets */; };
		A6A37D821D879BAB003CEAD5 /* LaunchScreen.storyboard in Resources */ = {isa = PBXBuildFile; fileRef = A6A37D801D879BAB003CEAD5 /* LaunchScreen.storyboard */; };
		A6A37D8D1D879BAB003CEAD5 /* GREnglishTests.m in Sources */ = {isa = PBXBuildFile; fileRef = A6A37D8C1D879BAB003CEAD5 /* GREnglishTests.m */; };
		A6A37D981D879BAB003CEAD5 /* GREnglishUITests.m in Sources */ = {isa = PBXBuildFile; fileRef = A6A37D971D879BAB003CEAD5 /* GREnglishUITests.m */; };
		A6A37DC51D87AEEA003CEAD5 /* note.markdown in Sources */ = {isa = PBXBuildFile; fileRef = A6A37DC41D87AEEA003CEAD5 /* note.markdown */; };
		A6A37DC81D87B1AC003CEAD5 /* GRTabBarViewController.m in Sources */ = {isa = PBXBuildFile; fileRef = A6A37DC71D87B1AC003CEAD5 /* GRTabBarViewController.m */; };
		A6A37DCB1D87B27C003CEAD5 /* GRNavigationController.m in Sources */ = {isa = PBXBuildFile; fileRef = A6A37DCA1D87B27C003CEAD5 /* GRNavigationController.m */; };
		A6A37DCE1D87DACE003CEAD5 /* GRHomeViewController.m in Sources */ = {isa = PBXBuildFile; fileRef = A6A37DCD1D87DACE003CEAD5 /* GRHomeViewController.m */; };
		A6A37DD11D87DAEC003CEAD5 /* GRGrammarViewController.m in Sources */ = {isa = PBXBuildFile; fileRef = A6A37DD01D87DAEC003CEAD5 /* GRGrammarViewController.m */; };
		A6A37DD41D87DB06003CEAD5 /* GRProfileViewController.m in Sources */ = {isa = PBXBuildFile; fileRef = A6A37DD31D87DB06003CEAD5 /* GRProfileViewController.m */; };
		A6A37DD71D87DB29003CEAD5 /* GRPublishViewController.m in Sources */ = {isa = PBXBuildFile; fileRef = A6A37DD61D87DB29003CEAD5 /* GRPublishViewController.m */; };
		A6A37DDA1D87DB36003CEAD5 /* GRTweetsViewController.m in Sources */ = {isa = PBXBuildFile; fileRef = A6A37DD91D87DB36003CEAD5 /* GRTweetsViewController.m */; };
		A6A37DDD1D87DD74003CEAD5 /* GRTabBar.m in Sources */ = {isa = PBXBuildFile; fileRef = A6A37DDC1D87DD74003CEAD5 /* GRTabBar.m */; };
		D5582C0FEE1584325CE0C3C2 /* Pods_GREnglish.framework in Frameworks */ = {isa = PBXBuildFile; fileRef = 7CE328CC0C92963C592C3869 /* Pods_GREnglish.framework */; };
/* End PBXBuildFile section */

/* Begin PBXContainerItemProxy section */
		A6A37D891D879BAB003CEAD5 /* PBXContainerItemProxy */ = {
			isa = PBXContainerItemProxy;
			containerPortal = A6A37D671D879BAB003CEAD5 /* Project object */;
			proxyType = 1;
			remoteGlobalIDString = A6A37D6E1D879BAB003CEAD5;
			remoteInfo = GREnglish;
		};
		A6A37D941D879BAB003CEAD5 /* PBXContainerItemProxy */ = {
			isa = PBXContainerItemProxy;
			containerPortal = A6A37D671D879BAB003CEAD5 /* Project object */;
			proxyType = 1;
			remoteGlobalIDString = A6A37D6E1D879BAB003CEAD5;
			remoteInfo = GREnglish;
		};
/* End PBXContainerItemProxy section */

/* Begin PBXFileReference section */
		66DEEA0867E34D58BEE7EE4B /* Pods-GREnglish.release.xcconfig */ = {isa = PBXFileReference; includeInIndex = 1; lastKnownFileType = text.xcconfig; name = "Pods-GREnglish.release.xcconfig"; path = "Pods/Target Support Files/Pods-GREnglish/Pods-GREnglish.release.xcconfig"; sourceTree = "<group>"; };
		7CE328CC0C92963C592C3869 /* Pods_GREnglish.framework */ = {isa = PBXFileReference; explicitFileType = wrapper.framework; includeInIndex = 0; path = Pods_GREnglish.framework; sourceTree = BUILT_PRODUCTS_DIR; };
		A6A37D6F1D879BAB003CEAD5 /* GREnglish.app */ = {isa = PBXFileReference; explicitFileType = wrapper.application; includeInIndex = 0; path = GREnglish.app; sourceTree = BUILT_PRODUCTS_DIR; };
		A6A37D731D879BAB003CEAD5 /* main.m */ = {isa = PBXFileReference; lastKnownFileType = sourcecode.c.objc; path = main.m; sourceTree = "<group>"; };
		A6A37D751D879BAB003CEAD5 /* AppDelegate.h */ = {isa = PBXFileReference; lastKnownFileType = sourcecode.c.h; path = AppDelegate.h; sourceTree = "<group>"; };
		A6A37D761D879BAB003CEAD5 /* AppDelegate.m */ = {isa = PBXFileReference; lastKnownFileType = sourcecode.c.objc; path = AppDelegate.m; sourceTree = "<group>"; };
		A6A37D7C1D879BAB003CEAD5 /* Base */ = {isa = PBXFileReference; lastKnownFileType = file.storyboard; name = Base; path = Base.lproj/Main.storyboard; sourceTree = "<group>"; };
		A6A37D7E1D879BAB003CEAD5 /* Assets.xcassets */ = {isa = PBXFileReference; lastKnownFileType = folder.assetcatalog; path = Assets.xcassets; sourceTree = "<group>"; };
		A6A37D811D879BAB003CEAD5 /* Base */ = {isa = PBXFileReference; lastKnownFileType = file.storyboard; name = Base; path = Base.lproj/LaunchScreen.storyboard; sourceTree = "<group>"; };
		A6A37D831D879BAB003CEAD5 /* Info.plist */ = {isa = PBXFileReference; lastKnownFileType = text.plist.xml; path = Info.plist; sourceTree = "<group>"; };
		A6A37D881D879BAB003CEAD5 /* GREnglishTests.xctest */ = {isa = PBXFileReference; explicitFileType = wrapper.cfbundle; includeInIndex = 0; path = GREnglishTests.xctest; sourceTree = BUILT_PRODUCTS_DIR; };
		A6A37D8C1D879BAB003CEAD5 /* GREnglishTests.m */ = {isa = PBXFileReference; lastKnownFileType = sourcecode.c.objc; path = GREnglishTests.m; sourceTree = "<group>"; };
		A6A37D8E1D879BAB003CEAD5 /* Info.plist */ = {isa = PBXFileReference; lastKnownFileType = text.plist.xml; path = Info.plist; sourceTree = "<group>"; };
		A6A37D931D879BAB003CEAD5 /* GREnglishUITests.xctest */ = {isa = PBXFileReference; explicitFileType = wrapper.cfbundle; includeInIndex = 0; path = GREnglishUITests.xctest; sourceTree = BUILT_PRODUCTS_DIR; };
		A6A37D971D879BAB003CEAD5 /* GREnglishUITests.m */ = {isa = PBXFileReference; lastKnownFileType = sourcecode.c.objc; path = GREnglishUITests.m; sourceTree = "<group>"; };
		A6A37D991D879BAB003CEAD5 /* Info.plist */ = {isa = PBXFileReference; lastKnownFileType = text.plist.xml; path = Info.plist; sourceTree = "<group>"; };
		A6A37DC41D87AEEA003CEAD5 /* note.markdown */ = {isa = PBXFileReference; fileEncoding = 4; lastKnownFileType = net.daringfireball.markdown; path = note.markdown; sourceTree = "<group>"; };
		A6A37DC61D87B1AC003CEAD5 /* GRTabBarViewController.h */ = {isa = PBXFileReference; fileEncoding = 4; lastKnownFileType = sourcecode.c.h; name = GRTabBarViewController.h; path = ../../../../../../GRTabBarViewController.h; sourceTree = "<group>"; };
		A6A37DC71D87B1AC003CEAD5 /* GRTabBarViewController.m */ = {isa = PBXFileReference; fileEncoding = 4; lastKnownFileType = sourcecode.c.objc; name = GRTabBarViewController.m; path = ../../../../../../GRTabBarViewController.m; sourceTree = "<group>"; };
		A6A37DC91D87B27C003CEAD5 /* GRNavigationController.h */ = {isa = PBXFileReference; fileEncoding = 4; lastKnownFileType = sourcecode.c.h; path = GRNavigationController.h; sourceTree = "<group>"; };
		A6A37DCA1D87B27C003CEAD5 /* GRNavigationController.m */ = {isa = PBXFileReference; fileEncoding = 4; lastKnownFileType = sourcecode.c.objc; path = GRNavigationController.m; sourceTree = "<group>"; };
		A6A37DCC1D87DACE003CEAD5 /* GRHomeViewController.h */ = {isa = PBXFileReference; fileEncoding = 4; lastKnownFileType = sourcecode.c.h; path = GRHomeViewController.h; sourceTree = "<group>"; };
		A6A37DCD1D87DACE003CEAD5 /* GRHomeViewController.m */ = {isa = PBXFileReference; fileEncoding = 4; lastKnownFileType = sourcecode.c.objc; path = GRHomeViewController.m; sourceTree = "<group>"; };
		A6A37DCF1D87DAEC003CEAD5 /* GRGrammarViewController.h */ = {isa = PBXFileReference; fileEncoding = 4; lastKnownFileType = sourcecode.c.h; path = GRGrammarViewController.h; sourceTree = "<group>"; };
		A6A37DD01D87DAEC003CEAD5 /* GRGrammarViewController.m */ = {isa = PBXFileReference; fileEncoding = 4; lastKnownFileType = sourcecode.c.objc; path = GRGrammarViewController.m; sourceTree = "<group>"; };
		A6A37DD21D87DB06003CEAD5 /* GRProfileViewController.h */ = {isa = PBXFileReference; fileEncoding = 4; lastKnownFileType = sourcecode.c.h; path = GRProfileViewController.h; sourceTree = "<group>"; };
		A6A37DD31D87DB06003CEAD5 /* GRProfileViewController.m */ = {isa = PBXFileReference; fileEncoding = 4; lastKnownFileType = sourcecode.c.objc; path = GRProfileViewController.m; sourceTree = "<group>"; };
		A6A37DD51D87DB29003CEAD5 /* GRPublishViewController.h */ = {isa = PBXFileReference; fileEncoding = 4; lastKnownFileType = sourcecode.c.h; path = GRPublishViewController.h; sourceTree = "<group>"; };
		A6A37DD61D87DB29003CEAD5 /* GRPublishViewController.m */ = {isa = PBXFileReference; fileEncoding = 4; lastKnownFileType = sourcecode.c.objc; path = GRPublishViewController.m; sourceTree = "<group>"; };
		A6A37DD81D87DB36003CEAD5 /* GRTweetsViewController.h */ = {isa = PBXFileReference; fileEncoding = 4; lastKnownFileType = sourcecode.c.h; path = GRTweetsViewController.h; sourceTree = "<group>"; };
		A6A37DD91D87DB36003CEAD5 /* GRTweetsViewController.m */ = {isa = PBXFileReference; fileEncoding = 4; lastKnownFileType = sourcecode.c.objc; path = GRTweetsViewController.m; sourceTree = "<group>"; };
		A6A37DDB1D87DD74003CEAD5 /* GRTabBar.h */ = {isa = PBXFileReference; fileEncoding = 4; lastKnownFileType = sourcecode.c.h; path = GRTabBar.h; sourceTree = "<group>"; };
		A6A37DDC1D87DD74003CEAD5 /* GRTabBar.m */ = {isa = PBXFileReference; fileEncoding = 4; lastKnownFileType = sourcecode.c.objc; path = GRTabBar.m; sourceTree = "<group>"; };
		A6A37DDE1D87DE95003CEAD5 /* Config.h */ = {isa = PBXFileReference; lastKnownFileType = sourcecode.c.h; path = Config.h; sourceTree = "<group>"; };
		A6A37DDF1D87DF69003CEAD5 /* GREnglishPrefixHeader.pch */ = {isa = PBXFileReference; lastKnownFileType = sourcecode.c.h; path = GREnglishPrefixHeader.pch; sourceTree = "<group>"; };
		D8AFF454EF23EFA05AB27714 /* Pods-GREnglish.debug.xcconfig */ = {isa = PBXFileReference; includeInIndex = 1; lastKnownFileType = text.xcconfig; name = "Pods-GREnglish.debug.xcconfig"; path = "Pods/Target Support Files/Pods-GREnglish/Pods-GREnglish.debug.xcconfig"; sourceTree = "<group>"; };
/* End PBXFileReference section */

/* Begin PBXFrameworksBuildPhase section */
		A6A37D6C1D879BAB003CEAD5 /* Frameworks */ = {
			isa = PBXFrameworksBuildPhase;
			buildActionMask = 2147483647;
			files = (
				D5582C0FEE1584325CE0C3C2 /* Pods_GREnglish.framework in Frameworks */,
			);
			runOnlyForDeploymentPostprocessing = 0;
		};
		A6A37D851D879BAB003CEAD5 /* Frameworks */ = {
			isa = PBXFrameworksBuildPhase;
			buildActionMask = 2147483647;
			files = (
			);
			runOnlyForDeploymentPostprocessing = 0;
		};
		A6A37D901D879BAB003CEAD5 /* Frameworks */ = {
			isa = PBXFrameworksBuildPhase;
			buildActionMask = 2147483647;
			files = (
			);
			runOnlyForDeploymentPostprocessing = 0;
		};
/* End PBXFrameworksBuildPhase section */

/* Begin PBXGroup section */
		2C3BCCB363E018B7C7163C15 /* Pods */ = {
			isa = PBXGroup;
			children = (
				D8AFF454EF23EFA05AB27714 /* Pods-GREnglish.debug.xcconfig */,
				66DEEA0867E34D58BEE7EE4B /* Pods-GREnglish.release.xcconfig */,
			);
			name = Pods;
			sourceTree = "<group>";
		};
		A6A37D661D879BAB003CEAD5 = {
			isa = PBXGroup;
			children = (
				A6A37D711D879BAB003CEAD5 /* GREnglish */,
				A6A37D8B1D879BAB003CEAD5 /* GREnglishTests */,
				A6A37D961D879BAB003CEAD5 /* GREnglishUITests */,
				A6A37D701D879BAB003CEAD5 /* Products */,
				2C3BCCB363E018B7C7163C15 /* Pods */,
				E96B0A84681AA0AC63946FB2 /* Frameworks */,
			);
			sourceTree = "<group>";
		};
		A6A37D701D879BAB003CEAD5 /* Products */ = {
			isa = PBXGroup;
			children = (
				A6A37D6F1D879BAB003CEAD5 /* GREnglish.app */,
				A6A37D881D879BAB003CEAD5 /* GREnglishTests.xctest */,
				A6A37D931D879BAB003CEAD5 /* GREnglishUITests.xctest */,
			);
			name = Products;
			sourceTree = "<group>";
		};
		A6A37D711D879BAB003CEAD5 /* GREnglish */ = {
			isa = PBXGroup;
			children = (
				A6A37D751D879BAB003CEAD5 /* AppDelegate.h */,
				A6A37D761D879BAB003CEAD5 /* AppDelegate.m */,
				A6A37DDE1D87DE95003CEAD5 /* Config.h */,
				A6A37DDF1D87DF69003CEAD5 /* GREnglishPrefixHeader.pch */,
				A6A37D831D879BAB003CEAD5 /* Info.plist */,
				A6A37DA51D87A23E003CEAD5 /* Application */,
				A6A37D7B1D879BAB003CEAD5 /* Main.storyboard */,
				A6A37D7E1D879BAB003CEAD5 /* Assets.xcassets */,
				A6A37D801D879BAB003CEAD5 /* LaunchScreen.storyboard */,
				A6A37D721D879BAB003CEAD5 /* Supporting Files */,
			);
			path = GREnglish;
			sourceTree = "<group>";
		};
		A6A37D721D879BAB003CEAD5 /* Supporting Files */ = {
			isa = PBXGroup;
			children = (
				A6A37D731D879BAB003CEAD5 /* main.m */,
			);
			name = "Supporting Files";
			sourceTree = "<group>";
		};
		A6A37D8B1D879BAB003CEAD5 /* GREnglishTests */ = {
			isa = PBXGroup;
			children = (
				A6A37D8C1D879BAB003CEAD5 /* GREnglishTests.m */,
				A6A37D8E1D879BAB003CEAD5 /* Info.plist */,
			);
			path = GREnglishTests;
			sourceTree = "<group>";
		};
		A6A37D961D879BAB003CEAD5 /* GREnglishUITests */ = {
			isa = PBXGroup;
			children = (
				A6A37D971D879BAB003CEAD5 /* GREnglishUITests.m */,
				A6A37D991D879BAB003CEAD5 /* Info.plist */,
			);
			path = GREnglishUITests;
			sourceTree = "<group>";
		};
		A6A37DA51D87A23E003CEAD5 /* Application */ = {
			isa = PBXGroup;
			children = (
				A6A37DA81D87A23E003CEAD5 /* Module */,
				A6A37DA61D87A23E003CEAD5 /* Categories */,
				A6A37DA71D87A23E003CEAD5 /* Model */,
				A6A37DC11D87A23E003CEAD5 /* Utils */,
				A6A37DC31D87AEEA003CEAD5 /* Node */,
				A6A37DC21D87A23E003CEAD5 /* Vender */,
			);
			path = Application;
			sourceTree = "<group>";
		};
		A6A37DA61D87A23E003CEAD5 /* Categories */ = {
			isa = PBXGroup;
			children = (
			);
			path = Categories;
			sourceTree = "<group>";
		};
		A6A37DA71D87A23E003CEAD5 /* Model */ = {
			isa = PBXGroup;
			children = (
			);
			path = Model;
			sourceTree = "<group>";
		};
		A6A37DA81D87A23E003CEAD5 /* Module */ = {
			isa = PBXGroup;
			children = (
				A6A37DB11D87A23E003CEAD5 /* Main */,
				A6A37DAD1D87A23E003CEAD5 /* Home */,
				A6A37DA91D87A23E003CEAD5 /* Grammar */,
				A6A37DB51D87A23E003CEAD5 /* Profile */,
				A6A37DB91D87A23E003CEAD5 /* Publish */,
				A6A37DBD1D87A23E003CEAD5 /* Tweets */,
			);
			path = Module;
			sourceTree = "<group>";
		};
		A6A37DA91D87A23E003CEAD5 /* Grammar */ = {
			isa = PBXGroup;
			children = (
				A6A37DAA1D87A23E003CEAD5 /* Controller */,
				A6A37DAB1D87A23E003CEAD5 /* Model */,
				A6A37DAC1D87A23E003CEAD5 /* Views */,
				A6A37DCF1D87DAEC003CEAD5 /* GRGrammarViewController.h */,
				A6A37DD01D87DAEC003CEAD5 /* GRGrammarViewController.m */,
			);
			path = Grammar;
			sourceTree = "<group>";
		};
		A6A37DAA1D87A23E003CEAD5 /* Controller */ = {
			isa = PBXGroup;
			children = (
			);
			path = Controller;
			sourceTree = "<group>";
		};
		A6A37DAB1D87A23E003CEAD5 /* Model */ = {
			isa = PBXGroup;
			children = (
			);
			path = Model;
			sourceTree = "<group>";
		};
		A6A37DAC1D87A23E003CEAD5 /* Views */ = {
			isa = PBXGroup;
			children = (
			);
			path = Views;
			sourceTree = "<group>";
		};
		A6A37DAD1D87A23E003CEAD5 /* Home */ = {
			isa = PBXGroup;
			children = (
				A6A37DAE1D87A23E003CEAD5 /* Controller */,
				A6A37DAF1D87A23E003CEAD5 /* Model */,
				A6A37DB01D87A23E003CEAD5 /* Views */,
			);
			path = Home;
			sourceTree = "<group>";
		};
		A6A37DAE1D87A23E003CEAD5 /* Controller */ = {
			isa = PBXGroup;
			children = (
				A6A37DCC1D87DACE003CEAD5 /* GRHomeViewController.h */,
				A6A37DCD1D87DACE003CEAD5 /* GRHomeViewController.m */,
			);
			path = Controller;
			sourceTree = "<group>";
		};
		A6A37DAF1D87A23E003CEAD5 /* Model */ = {
			isa = PBXGroup;
			children = (
			);
			path = Model;
			sourceTree = "<group>";
		};
		A6A37DB01D87A23E003CEAD5 /* Views */ = {
			isa = PBXGroup;
			children = (
			);
			path = Views;
			sourceTree = "<group>";
		};
		A6A37DB11D87A23E003CEAD5 /* Main */ = {
			isa = PBXGroup;
			children = (
				A6A37DB21D87A23E003CEAD5 /* Controller */,
				A6A37DB31D87A23E003CEAD5 /* Model */,
				A6A37DB41D87A23E003CEAD5 /* Views */,
			);
			path = Main;
			sourceTree = "<group>";
		};
		A6A37DB21D87A23E003CEAD5 /* Controller */ = {
			isa = PBXGroup;
			children = (
				A6A37DC61D87B1AC003CEAD5 /* GRTabBarViewController.h */,
				A6A37DC71D87B1AC003CEAD5 /* GRTabBarViewController.m */,
				A6A37DC91D87B27C003CEAD5 /* GRNavigationController.h */,
				A6A37DCA1D87B27C003CEAD5 /* GRNavigationController.m */,
			);
			path = Controller;
			sourceTree = "<group>";
		};
		A6A37DB31D87A23E003CEAD5 /* Model */ = {
			isa = PBXGroup;
			children = (
			);
			path = Model;
			sourceTree = "<group>";
		};
		A6A37DB41D87A23E003CEAD5 /* Views */ = {
			isa = PBXGroup;
			children = (
				A6A37DDB1D87DD74003CEAD5 /* GRTabBar.h */,
				A6A37DDC1D87DD74003CEAD5 /* GRTabBar.m */,
			);
			path = Views;
			sourceTree = "<group>";
		};
		A6A37DB51D87A23E003CEAD5 /* Profile */ = {
			isa = PBXGroup;
			children = (
				A6A37DB61D87A23E003CEAD5 /* Controller */,
				A6A37DB71D87A23E003CEAD5 /* Model */,
				A6A37DB81D87A23E003CEAD5 /* Views */,
				A6A37DD21D87DB06003CEAD5 /* GRProfileViewController.h */,
				A6A37DD31D87DB06003CEAD5 /* GRProfileViewController.m */,
			);
			path = Profile;
			sourceTree = "<group>";
		};
		A6A37DB61D87A23E003CEAD5 /* Controller */ = {
			isa = PBXGroup;
			children = (
			);
			path = Controller;
			sourceTree = "<group>";
		};
		A6A37DB71D87A23E003CEAD5 /* Model */ = {
			isa = PBXGroup;
			children = (
			);
			path = Model;
			sourceTree = "<group>";
		};
		A6A37DB81D87A23E003CEAD5 /* Views */ = {
			isa = PBXGroup;
			children = (
			);
			path = Views;
			sourceTree = "<group>";
		};
		A6A37DB91D87A23E003CEAD5 /* Publish */ = {
			isa = PBXGroup;
			children = (
				A6A37DBA1D87A23E003CEAD5 /* Controller */,
				A6A37DBB1D87A23E003CEAD5 /* Model */,
				A6A37DBC1D87A23E003CEAD5 /* Views */,
				A6A37DD51D87DB29003CEAD5 /* GRPublishViewController.h */,
				A6A37DD61D87DB29003CEAD5 /* GRPublishViewController.m */,
			);
			path = Publish;
			sourceTree = "<group>";
		};
		A6A37DBA1D87A23E003CEAD5 /* Controller */ = {
			isa = PBXGroup;
			children = (
			);
			path = Controller;
			sourceTree = "<group>";
		};
		A6A37DBB1D87A23E003CEAD5 /* Model */ = {
			isa = PBXGroup;
			children = (
			);
			path = Model;
			sourceTree = "<group>";
		};
		A6A37DBC1D87A23E003CEAD5 /* Views */ = {
			isa = PBXGroup;
			children = (
			);
			path = Views;
			sourceTree = "<group>";
		};
		A6A37DBD1D87A23E003CEAD5 /* Tweets */ = {
			isa = PBXGroup;
			children = (
				A6A37DBE1D87A23E003CEAD5 /* Controller */,
				A6A37DBF1D87A23E003CEAD5 /* Model */,
				A6A37DC01D87A23E003CEAD5 /* Views */,
				A6A37DD81D87DB36003CEAD5 /* GRTweetsViewController.h */,
				A6A37DD91D87DB36003CEAD5 /* GRTweetsViewController.m */,
			);
			path = Tweets;
			sourceTree = "<group>";
		};
		A6A37DBE1D87A23E003CEAD5 /* Controller */ = {
			isa = PBXGroup;
			children = (
			);
			path = Controller;
			sourceTree = "<group>";
		};
		A6A37DBF1D87A23E003CEAD5 /* Model */ = {
			isa = PBXGroup;
			children = (
			);
			path = Model;
			sourceTree = "<group>";
		};
		A6A37DC01D87A23E003CEAD5 /* Views */ = {
			isa = PBXGroup;
			children = (
			);
			path = Views;
			sourceTree = "<group>";
		};
		A6A37DC11D87A23E003CEAD5 /* Utils */ = {
			isa = PBXGroup;
			children = (
			);
			path = Utils;
			sourceTree = "<group>";
		};
		A6A37DC21D87A23E003CEAD5 /* Vender */ = {
			isa = PBXGroup;
			children = (
			);
			path = Vender;
			sourceTree = "<group>";
		};
		A6A37DC31D87AEEA003CEAD5 /* Node */ = {
			isa = PBXGroup;
			children = (
				A6A37DC41D87AEEA003CEAD5 /* note.markdown */,
			);
			path = Node;
			sourceTree = "<group>";
		};
		E96B0A84681AA0AC63946FB2 /* Frameworks */ = {
			isa = PBXGroup;
			children = (
				7CE328CC0C92963C592C3869 /* Pods_GREnglish.framework */,
			);
			name = Frameworks;
			sourceTree = "<group>";
		};
/* End PBXGroup section */

/* Begin PBXNativeTarget section */
		A6A37D6E1D879BAB003CEAD5 /* GREnglish */ = {
			isa = PBXNativeTarget;
			buildConfigurationList = A6A37D9C1D879BAB003CEAD5 /* Build configuration list for PBXNativeTarget "GREnglish" */;
			buildPhases = (
				B5F2F3DF6751CEBF8736D37F /* [CP] Check Pods Manifest.lock */,
				A6A37D6B1D879BAB003CEAD5 /* Sources */,
				A6A37D6C1D879BAB003CEAD5 /* Frameworks */,
				A6A37D6D1D879BAB003CEAD5 /* Resources */,
				48C32C9F21F8BABED1EB6A79 /* [CP] Embed Pods Frameworks */,
				0854122ECD4BE1309EECC33F /* [CP] Copy Pods Resources */,
			);
			buildRules = (
			);
			dependencies = (
			);
			name = GREnglish;
			productName = GREnglish;
			productReference = A6A37D6F1D879BAB003CEAD5 /* GREnglish.app */;
			productType = "com.apple.product-type.application";
		};
		A6A37D871D879BAB003CEAD5 /* GREnglishTests */ = {
			isa = PBXNativeTarget;
			buildConfigurationList = A6A37D9F1D879BAB003CEAD5 /* Build configuration list for PBXNativeTarget "GREnglishTests" */;
			buildPhases = (
				A6A37D841D879BAB003CEAD5 /* Sources */,
				A6A37D851D879BAB003CEAD5 /* Frameworks */,
				A6A37D861D879BAB003CEAD5 /* Resources */,
			);
			buildRules = (
			);
			dependencies = (
				A6A37D8A1D879BAB003CEAD5 /* PBXTargetDependency */,
			);
			name = GREnglishTests;
			productName = GREnglishTests;
			productReference = A6A37D881D879BAB003CEAD5 /* GREnglishTests.xctest */;
			productType = "com.apple.product-type.bundle.unit-test";
		};
		A6A37D921D879BAB003CEAD5 /* GREnglishUITests */ = {
			isa = PBXNativeTarget;
			buildConfigurationList = A6A37DA21D879BAB003CEAD5 /* Build configuration list for PBXNativeTarget "GREnglishUITests" */;
			buildPhases = (
				A6A37D8F1D879BAB003CEAD5 /* Sources */,
				A6A37D901D879BAB003CEAD5 /* Frameworks */,
				A6A37D911D879BAB003CEAD5 /* Resources */,
			);
			buildRules = (
			);
			dependencies = (
				A6A37D951D879BAB003CEAD5 /* PBXTargetDependency */,
			);
			name = GREnglishUITests;
			productName = GREnglishUITests;
			productReference = A6A37D931D879BAB003CEAD5 /* GREnglishUITests.xctest */;
			productType = "com.apple.product-type.bundle.ui-testing";
		};
/* End PBXNativeTarget section */

/* Begin PBXProject section */
		A6A37D671D879BAB003CEAD5 /* Project object */ = {
			isa = PBXProject;
			attributes = {
				CLASSPREFIX = GR;
				LastUpgradeCheck = 0730;
				ORGANIZATIONNAME = sen;
				TargetAttributes = {
					A6A37D6E1D879BAB003CEAD5 = {
						CreatedOnToolsVersion = 7.3.1;
					};
					A6A37D871D879BAB003CEAD5 = {
						CreatedOnToolsVersion = 7.3.1;
						TestTargetID = A6A37D6E1D879BAB003CEAD5;
					};
					A6A37D921D879BAB003CEAD5 = {
						CreatedOnToolsVersion = 7.3.1;
						TestTargetID = A6A37D6E1D879BAB003CEAD5;
					};
				};
			};
			buildConfigurationList = A6A37D6A1D879BAB003CEAD5 /* Build configuration list for PBXProject "GREnglish" */;
			compatibilityVersion = "Xcode 3.2";
			developmentRegion = English;
			hasScannedForEncodings = 0;
			knownRegions = (
				en,
				Base,
			);
			mainGroup = A6A37D661D879BAB003CEAD5;
			productRefGroup = A6A37D701D879BAB003CEAD5 /* Products */;
			projectDirPath = "";
			projectRoot = "";
			targets = (
				A6A37D6E1D879BAB003CEAD5 /* GREnglish */,
				A6A37D871D879BAB003CEAD5 /* GREnglishTests */,
				A6A37D921D879BAB003CEAD5 /* GREnglishUITests */,
			);
		};
/* End PBXProject section */

/* Begin PBXResourcesBuildPhase section */
		A6A37D6D1D879BAB003CEAD5 /* Resources */ = {
			isa = PBXResourcesBuildPhase;
			buildActionMask = 2147483647;
			files = (
				A6A37D821D879BAB003CEAD5 /* LaunchScreen.storyboard in Resources */,
				A6A37D7F1D879BAB003CEAD5 /* Assets.xcassets in Resources */,
				A6A37D7D1D879BAB003CEAD5 /* Main.storyboard in Resources */,
			);
			runOnlyForDeploymentPostprocessing = 0;
		};
		A6A37D861D879BAB003CEAD5 /* Resources */ = {
			isa = PBXResourcesBuildPhase;
			buildActionMask = 2147483647;
			files = (
			);
			runOnlyForDeploymentPostprocessing = 0;
		};
		A6A37D911D879BAB003CEAD5 /* Resources */ = {
			isa = PBXResourcesBuildPhase;
			buildActionMask = 2147483647;
			files = (
			);
			runOnlyForDeploymentPostprocessing = 0;
		};
/* End PBXResourcesBuildPhase section */

/* Begin PBXShellScriptBuildPhase section */
		0854122ECD4BE1309EECC33F /* [CP] Copy Pods Resources */ = {
			isa = PBXShellScriptBuildPhase;
			buildActionMask = 2147483647;
			files = (
			);
			inputPaths = (
			);
			name = "[CP] Copy Pods Resources";
			outputPaths = (
			);
			runOnlyForDeploymentPostprocessing = 0;
			shellPath = /bin/sh;
			shellScript = "\"${SRCROOT}/Pods/Target Support Files/Pods-GREnglish/Pods-GREnglish-resources.sh\"\n";
			showEnvVarsInLog = 0;
		};
		48C32C9F21F8BABED1EB6A79 /* [CP] Embed Pods Frameworks */ = {
			isa = PBXShellScriptBuildPhase;
			buildActionMask = 2147483647;
			files = (
			);
			inputPaths = (
			);
			name = "[CP] Embed Pods Frameworks";
			outputPaths = (
			);
			runOnlyForDeploymentPostprocessing = 0;
			shellPath = /bin/sh;
			shellScript = "\"${SRCROOT}/Pods/Target Support Files/Pods-GREnglish/Pods-GREnglish-frameworks.sh\"\n";
			showEnvVarsInLog = 0;
		};
		B5F2F3DF6751CEBF8736D37F /* [CP] Check Pods Manifest.lock */ = {
			isa = PBXShellScriptBuildPhase;
			buildActionMask = 2147483647;
			files = (
			);
			inputPaths = (
			);
			name = "[CP] Check Pods Manifest.lock";
			outputPaths = (
			);
			runOnlyForDeploymentPostprocessing = 0;
			shellPath = /bin/sh;
			shellScript = "diff \"${PODS_ROOT}/../Podfile.lock\" \"${PODS_ROOT}/Manifest.lock\" > /dev/null\nif [[ $? != 0 ]] ; then\n    cat << EOM\nerror: The sandbox is not in sync with the Podfile.lock. Run 'pod install' or update your CocoaPods installation.\nEOM\n    exit 1\nfi\n";
			showEnvVarsInLog = 0;
		};
/* End PBXShellScriptBuildPhase section */

/* Begin PBXSourcesBuildPhase section */
		A6A37D6B1D879BAB003CEAD5 /* Sources */ = {
			isa = PBXSourcesBuildPhase;
			buildActionMask = 2147483647;
			files = (
				A6A37DD71D87DB29003CEAD5 /* GRPublishViewController.m in Sources */,
				A6A37DCE1D87DACE003CEAD5 /* GRHomeViewController.m in Sources */,
				A6A37D771D879BAB003CEAD5 /* AppDelegate.m in Sources */,
				A6A37DDA1D87DB36003CEAD5 /* GRTweetsViewController.m in Sources */,
				A6A37DD11D87DAEC003CEAD5 /* GRGrammarViewController.m in Sources */,
				A6A37DDD1D87DD74003CEAD5 /* GRTabBar.m in Sources */,
				A6A37DCB1D87B27C003CEAD5 /* GRNavigationController.m in Sources */,
				A6A37DC51D87AEEA003CEAD5 /* note.markdown in Sources */,
				A6A37DD41D87DB06003CEAD5 /* GRProfileViewController.m in Sources */,
				A6A37D741D879BAB003CEAD5 /* main.m in Sources */,
				A6A37DC81D87B1AC003CEAD5 /* GRTabBarViewController.m in Sources */,
			);
			runOnlyForDeploymentPostprocessing = 0;
		};
		A6A37D841D879BAB003CEAD5 /* Sources */ = {
			isa = PBXSourcesBuildPhase;
			buildActionMask = 2147483647;
			files = (
				A6A37D8D1D879BAB003CEAD5 /* GREnglishTests.m in Sources */,
			);
			runOnlyForDeploymentPostprocessing = 0;
		};
		A6A37D8F1D879BAB003CEAD5 /* Sources */ = {
			isa = PBXSourcesBuildPhase;
			buildActionMask = 2147483647;
			files = (
				A6A37D981D879BAB003CEAD5 /* GREnglishUITests.m in Sources */,
			);
			runOnlyForDeploymentPostprocessing = 0;
		};
/* End PBXSourcesBuildPhase section */

/* Begin PBXTargetDependency section */
		A6A37D8A1D879BAB003CEAD5 /* PBXTargetDependency */ = {
			isa = PBXTargetDependency;
			target = A6A37D6E1D879BAB003CEAD5 /* GREnglish */;
			targetProxy = A6A37D891D879BAB003CEAD5 /* PBXContainerItemProxy */;
		};
		A6A37D951D879BAB003CEAD5 /* PBXTargetDependency */ = {
			isa = PBXTargetDependency;
			target = A6A37D6E1D879BAB003CEAD5 /* GREnglish */;
			targetProxy = A6A37D941D879BAB003CEAD5 /* PBXContainerItemProxy */;
		};
/* End PBXTargetDependency section */

/* Begin PBXVariantGroup section */
		A6A37D7B1D879BAB003CEAD5 /* Main.storyboard */ = {
			isa = PBXVariantGroup;
			children = (
				A6A37D7C1D879BAB003CEAD5 /* Base */,
			);
			name = Main.storyboard;
			sourceTree = "<group>";
		};
		A6A37D801D879BAB003CEAD5 /* LaunchScreen.storyboard */ = {
			isa = PBXVariantGroup;
			children = (
				A6A37D811D879BAB003CEAD5 /* Base */,
			);
			name = LaunchScreen.storyboard;
			sourceTree = "<group>";
		};
/* End PBXVariantGroup section */

/* Begin XCBuildConfiguration section */
		A6A37D9A1D879BAB003CEAD5 /* Debug */ = {
			isa = XCBuildConfiguration;
			buildSettings = {
				ALWAYS_SEARCH_USER_PATHS = NO;
				CLANG_ANALYZER_NONNULL = YES;
				CLANG_CXX_LANGUAGE_STANDARD = "gnu++0x";
				CLANG_CXX_LIBRARY = "libc++";
				CLANG_ENABLE_MODULES = YES;
				CLANG_ENABLE_OBJC_ARC = YES;
				CLANG_WARN_BOOL_CONVERSION = YES;
				CLANG_WARN_CONSTANT_CONVERSION = YES;
				CLANG_WARN_DIRECT_OBJC_ISA_USAGE = YES_ERROR;
				CLANG_WARN_EMPTY_BODY = YES;
				CLANG_WARN_ENUM_CONVERSION = YES;
				CLANG_WARN_INT_CONVERSION = YES;
				CLANG_WARN_OBJC_ROOT_CLASS = YES_ERROR;
				CLANG_WARN_UNREACHABLE_CODE = YES;
				CLANG_WARN__DUPLICATE_METHOD_MATCH = YES;
				"CODE_SIGN_IDENTITY[sdk=iphoneos*]" = "iPhone Developer";
				COPY_PHASE_STRIP = NO;
				DEBUG_INFORMATION_FORMAT = dwarf;
				ENABLE_STRICT_OBJC_MSGSEND = YES;
				ENABLE_TESTABILITY = YES;
				GCC_C_LANGUAGE_STANDARD = gnu99;
				GCC_DYNAMIC_NO_PIC = NO;
				GCC_NO_COMMON_BLOCKS = YES;
				GCC_OPTIMIZATION_LEVEL = 0;
				GCC_PREPROCESSOR_DEFINITIONS = (
					"DEBUG=1",
					"$(inherited)",
				);
				GCC_WARN_64_TO_32_BIT_CONVERSION = YES;
				GCC_WARN_ABOUT_RETURN_TYPE = YES_ERROR;
				GCC_WARN_UNDECLARED_SELECTOR = YES;
				GCC_WARN_UNINITIALIZED_AUTOS = YES_AGGRESSIVE;
				GCC_WARN_UNUSED_FUNCTION = YES;
				GCC_WARN_UNUSED_VARIABLE = YES;
				IPHONEOS_DEPLOYMENT_TARGET = 9.3;
				MTL_ENABLE_DEBUG_INFO = YES;
				ONLY_ACTIVE_ARCH = YES;
				SDKROOT = iphoneos;
				TARGETED_DEVICE_FAMILY = "1,2";
			};
			name = Debug;
		};
		A6A37D9B1D879BAB003CEAD5 /* Release */ = {
			isa = XCBuildConfiguration;
			buildSettings = {
				ALWAYS_SEARCH_USER_PATHS = NO;
				CLANG_ANALYZER_NONNULL = YES;
				CLANG_CXX_LANGUAGE_STANDARD = "gnu++0x";
				CLANG_CXX_LIBRARY = "libc++";
				CLANG_ENABLE_MODULES = YES;
				CLANG_ENABLE_OBJC_ARC = YES;
				CLANG_WARN_BOOL_CONVERSION = YES;
				CLANG_WARN_CONSTANT_CONVERSION = YES;
				CLANG_WARN_DIRECT_OBJC_ISA_USAGE = YES_ERROR;
				CLANG_WARN_EMPTY_BODY = YES;
				CLANG_WARN_ENUM_CONVERSION = YES;
				CLANG_WARN_INT_CONVERSION = YES;
				CLANG_WARN_OBJC_ROOT_CLASS = YES_ERROR;
				CLANG_WARN_UNREACHABLE_CODE = YES;
				CLANG_WARN__DUPLICATE_METHOD_MATCH = YES;
				"CODE_SIGN_IDENTITY[sdk=iphoneos*]" = "iPhone Developer";
				COPY_PHASE_STRIP = NO;
				DEBUG_INFORMATION_FORMAT = "dwarf-with-dsym";
				ENABLE_NS_ASSERTIONS = NO;
				ENABLE_STRICT_OBJC_MSGSEND = YES;
				GCC_C_LANGUAGE_STANDARD = gnu99;
				GCC_NO_COMMON_BLOCKS = YES;
				GCC_WARN_64_TO_32_BIT_CONVERSION = YES;
				GCC_WARN_ABOUT_RETURN_TYPE = YES_ERROR;
				GCC_WARN_UNDECLARED_SELECTOR = YES;
				GCC_WARN_UNINITIALIZED_AUTOS = YES_AGGRESSIVE;
				GCC_WARN_UNUSED_FUNCTION = YES;
				GCC_WARN_UNUSED_VARIABLE = YES;
				IPHONEOS_DEPLOYMENT_TARGET = 9.3;
				MTL_ENABLE_DEBUG_INFO = NO;
				SDKROOT = iphoneos;
				TARGETED_DEVICE_FAMILY = "1,2";
				VALIDATE_PRODUCT = YES;
			};
			name = Release;
		};
		A6A37D9D1D879BAB003CEAD5 /* Debug */ = {
			isa = XCBuildConfiguration;
			baseConfigurationReference = D8AFF454EF23EFA05AB27714 /* Pods-GREnglish.debug.xcconfig */;
			buildSettings = {
				ASSETCATALOG_COMPILER_APPICON_NAME = AppIcon;
				GCC_PREFIX_HEADER = /Users/smileforever/Documents/code/GREnglish/GREnglish/GREnglishPrefixHeader.pch;
				INFOPLIST_FILE = GREnglish/Info.plist;
				IPHONEOS_DEPLOYMENT_TARGET = 9.0;
				LD_RUNPATH_SEARCH_PATHS = "$(inherited) @executable_path/Frameworks";
				PRODUCT_BUNDLE_IDENTIFIER = sen.GREnglish;
				PRODUCT_NAME = "$(TARGET_NAME)";
			};
			name = Debug;
		};
		A6A37D9E1D879BAB003CEAD5 /* Release */ = {
			isa = XCBuildConfiguration;
			baseConfigurationReference = 66DEEA0867E34D58BEE7EE4B /* Pods-GREnglish.release.xcconfig */;
			buildSettings = {
				ASSETCATALOG_COMPILER_APPICON_NAME = AppIcon;
				GCC_PREFIX_HEADER = /Users/smileforever/Documents/code/GREnglish/GREnglish/GREnglishPrefixHeader.pch;
				INFOPLIST_FILE = GREnglish/Info.plist;
				IPHONEOS_DEPLOYMENT_TARGET = 9.0;
				LD_RUNPATH_SEARCH_PATHS = "$(inherited) @executable_path/Frameworks";
				PRODUCT_BUNDLE_IDENTIFIER = sen.GREnglish;
				PRODUCT_NAME = "$(TARGET_NAME)";
			};
			name = Release;
		};
		A6A37DA01D879BAB003CEAD5 /* Debug */ = {
			isa = XCBuildConfiguration;
			buildSettings = {
				BUNDLE_LOADER = "$(TEST_HOST)";
				INFOPLIST_FILE = GREnglishTests/Info.plist;
				LD_RUNPATH_SEARCH_PATHS = "$(inherited) @executable_path/Frameworks @loader_path/Frameworks";
				PRODUCT_BUNDLE_IDENTIFIER = sen.GREnglishTests;
				PRODUCT_NAME = "$(TARGET_NAME)";
				TEST_HOST = "$(BUILT_PRODUCTS_DIR)/GREnglish.app/GREnglish";
			};
			name = Debug;
		};
		A6A37DA11D879BAB003CEAD5 /* Release */ = {
			isa = XCBuildConfiguration;
			buildSettings = {
				BUNDLE_LOADER = "$(TEST_HOST)";
				INFOPLIST_FILE = GREnglishTests/Info.plist;
				LD_RUNPATH_SEARCH_PATHS = "$(inherited) @executable_path/Frameworks @loader_path/Frameworks";
				PRODUCT_BUNDLE_IDENTIFIER = sen.GREnglishTests;
				PRODUCT_NAME = "$(TARGET_NAME)";
				TEST_HOST = "$(BUILT_PRODUCTS_DIR)/GREnglish.app/GREnglish";
			};
			name = Release;
		};
		A6A37DA31D879BAB003CEAD5 /* Debug */ = {
			isa = XCBuildConfiguration;
			buildSettings = {
				INFOPLIST_FILE = GREnglishUITests/Info.plist;
				LD_RUNPATH_SEARCH_PATHS = "$(inherited) @executable_path/Frameworks @loader_path/Frameworks";
				PRODUCT_BUNDLE_IDENTIFIER = sen.GREnglishUITests;
				PRODUCT_NAME = "$(TARGET_NAME)";
				TEST_TARGET_NAME = GREnglish;
			};
			name = Debug;
		};
		A6A37DA41D879BAB003CEAD5 /* Release */ = {
			isa = XCBuildConfiguration;
			buildSettings = {
				INFOPLIST_FILE = GREnglishUITests/Info.plist;
				LD_RUNPATH_SEARCH_PATHS = "$(inherited) @executable_path/Frameworks @loader_path/Frameworks";
				PRODUCT_BUNDLE_IDENTIFIER = sen.GREnglishUITests;
				PRODUCT_NAME = "$(TARGET_NAME)";
				TEST_TARGET_NAME = GREnglish;
			};
			name = Release;
		};
/* End XCBuildConfiguration section */

/* Begin XCConfigurationList section */
		A6A37D6A1D879BAB003CEAD5 /* Build configuration list for PBXProject "GREnglish" */ = {
			isa = XCConfigurationList;
			buildConfigurations = (
				A6A37D9A1D879BAB003CEAD5 /* Debug */,
				A6A37D9B1D879BAB003CEAD5 /* Release */,
			);
			defaultConfigurationIsVisible = 0;
			defaultConfigurationName = Release;
		};
		A6A37D9C1D879BAB003CEAD5 /* Build configuration list for PBXNativeTarget "GREnglish" */ = {
			isa = XCConfigurationList;
			buildConfigurations = (
				A6A37D9D1D879BAB003CEAD5 /* Debug */,
				A6A37D9E1D879BAB003CEAD5 /* Release */,
			);
			defaultConfigurationIsVisible = 0;
			defaultConfigurationName = Release;
		};
		A6A37D9F1D879BAB003CEAD5 /* Build configuration list for PBXNativeTarget "GREnglishTests" */ = {
			isa = XCConfigurationList;
			buildConfigurations = (
				A6A37DA01D879BAB003CEAD5 /* Debug */,
				A6A37DA11D879BAB003CEAD5 /* Release */,
			);
			defaultConfigurationIsVisible = 0;
			defaultConfigurationName = Release;
		};
		A6A37DA21D879BAB003CEAD5 /* Build configuration list for PBXNativeTarget "GREnglishUITests" */ = {
			isa = XCConfigurationList;
			buildConfigurations = (
				A6A37DA31D879BAB003CEAD5 /* Debug */,
				A6A37DA41D879BAB003CEAD5 /* Release */,
			);
			defaultConfigurationIsVisible = 0;
			defaultConfigurationName = Release;
		};
/* End XCConfigurationList section */
	};
	rootObject = A6A37D671D879BAB003CEAD5 /* Project object */;
}
